// !$*UTF8*$!
{
	archiveVersion = 1;
	classes = {
	};
	objectVersion = 46;
	objects = {

/* Begin PBXBuildFile section */
		AD041FD7172FA71800FE891A /* InitVisitor.cpp in Sources */ = {isa = PBXBuildFile; fileRef = AD041FD5172FA71800FE891A /* InitVisitor.cpp */; };
		AD7409C4172CC0CA005FEA97 /* FindNodeVisitor.cpp in Sources */ = {isa = PBXBuildFile; fileRef = AD7409C2172CC0CA005FEA97 /* FindNodeVisitor.cpp */; };
		AD7409C7172CC3D5005FEA97 /* RobotUpdator.cpp in Sources */ = {isa = PBXBuildFile; fileRef = AD7409C5172CC3D5005FEA97 /* RobotUpdator.cpp */; };
		AD7409CE172E5503005FEA97 /* RobotHandler.cpp in Sources */ = {isa = PBXBuildFile; fileRef = AD7409CC172E5503005FEA97 /* RobotHandler.cpp */; };
		AD7409D3172E9E8D005FEA97 /* Commander.cpp in Sources */ = {isa = PBXBuildFile; fileRef = AD7409D2172E9E8D005FEA97 /* Commander.cpp */; };
		ADBB659A1736708200C88086 /* RobotCallback.cpp in Sources */ = {isa = PBXBuildFile; fileRef = ADBB65981736708200C88086 /* RobotCallback.cpp */; };
		ADBB66FF17381F9200C88086 /* OSGShape.cpp in Sources */ = {isa = PBXBuildFile; fileRef = ADBB66FD17381F9200C88086 /* OSGShape.cpp */; };
		ADBB67121739CD7C00C88086 /* AddEventHandler.cpp in Sources */ = {isa = PBXBuildFile; fileRef = ADBB67101739CD7B00C88086 /* AddEventHandler.cpp */; };
		ADBB6715173A2E2800C88086 /* OSGGeometry.cpp in Sources */ = {isa = PBXBuildFile; fileRef = ADBB6713173A2E2800C88086 /* OSGGeometry.cpp */; };
		ADBB6718173A328F00C88086 /* OSGDrawable.cpp in Sources */ = {isa = PBXBuildFile; fileRef = ADBB6716173A328F00C88086 /* OSGDrawable.cpp */; };
		ADBB671F173A9FA100C88086 /* PickerHandler.cpp in Sources */ = {isa = PBXBuildFile; fileRef = ADBB671D173A9F9F00C88086 /* PickerHandler.cpp */; };
		ADBB6722173AB8B700C88086 /* DeSelectVisitor.cpp in Sources */ = {isa = PBXBuildFile; fileRef = ADBB6720173AB8B600C88086 /* DeSelectVisitor.cpp */; };
		ADBB6725173AD37200C88086 /* CameraRecordHandler.cpp in Sources */ = {isa = PBXBuildFile; fileRef = ADBB6723173AD37000C88086 /* CameraRecordHandler.cpp */; };
		ADBB672B173ADC2700C88086 /* main.cpp in Sources */ = {isa = PBXBuildFile; fileRef = ADBB6726173ADBB800C88086 /* main.cpp */; };
		ADBB672C173ADC2700C88086 /* PrintVisitor.cpp in Sources */ = {isa = PBXBuildFile; fileRef = ADBB6727173ADBB800C88086 /* PrintVisitor.cpp */; };
		ADBB672D173ADC2700C88086 /* SimpleEventHandler.cpp in Sources */ = {isa = PBXBuildFile; fileRef = ADBB6729173ADBBA00C88086 /* SimpleEventHandler.cpp */; };
		ADBB6730173AE39900C88086 /* FxHandler.cpp in Sources */ = {isa = PBXBuildFile; fileRef = ADBB672E173AE39700C88086 /* FxHandler.cpp */; };
		ADBB6733173AE89300C88086 /* OSGFx.cpp in Sources */ = {isa = PBXBuildFile; fileRef = ADBB6731173AE89100C88086 /* OSGFx.cpp */; };
		ADBB6736173B6FC100C88086 /* DraggerSwitch.cpp in Sources */ = {isa = PBXBuildFile; fileRef = ADBB6734173B6FC000C88086 /* DraggerSwitch.cpp */; };
		ADBB673C173B741600C88086 /* OSGDraggers.cpp in Sources */ = {isa = PBXBuildFile; fileRef = ADBB673A173B741500C88086 /* OSGDraggers.cpp */; };
		ADBB673F173B95DA00C88086 /* DraggerSwitchHandler.cpp in Sources */ = {isa = PBXBuildFile; fileRef = ADBB673D173B95D900C88086 /* DraggerSwitchHandler.cpp */; };
		ADBB6742173BA3F200C88086 /* FileHandler.cpp in Sources */ = {isa = PBXBuildFile; fileRef = ADBB6740173BA3F100C88086 /* FileHandler.cpp */; };
		ADBB6745173BA43700C88086 /* SaveVisitor.cpp in Sources */ = {isa = PBXBuildFile; fileRef = ADBB6743173BA43600C88086 /* SaveVisitor.cpp */; };
		ADC43A491715BCD3002296E7 /* libOpenThreads.2.6.0.dylib in Frameworks */ = {isa = PBXBuildFile; fileRef = ADC43A151715BCD3002296E7 /* libOpenThreads.2.6.0.dylib */; };
		ADC43A4A1715BCD3002296E7 /* libOpenThreads.12.dylib in Frameworks */ = {isa = PBXBuildFile; fileRef = ADC43A161715BCD3002296E7 /* libOpenThreads.12.dylib */; };
		ADC43A4B1715BCD3002296E7 /* libOpenThreads.dylib in Frameworks */ = {isa = PBXBuildFile; fileRef = ADC43A171715BCD3002296E7 /* libOpenThreads.dylib */; };
		ADC43A4C1715BCD3002296E7 /* libosg.3.1.2.dylib in Frameworks */ = {isa = PBXBuildFile; fileRef = ADC43A181715BCD3002296E7 /* libosg.3.1.2.dylib */; };
		ADC43A4D1715BCD3002296E7 /* libosg.92.dylib in Frameworks */ = {isa = PBXBuildFile; fileRef = ADC43A191715BCD3002296E7 /* libosg.92.dylib */; };
		ADC43A4E1715BCD3002296E7 /* libosg.dylib in Frameworks */ = {isa = PBXBuildFile; fileRef = ADC43A1A1715BCD3002296E7 /* libosg.dylib */; };
		ADC43A4F1715BCD3002296E7 /* libosgAnimation.3.1.2.dylib in Frameworks */ = {isa = PBXBuildFile; fileRef = ADC43A1B1715BCD3002296E7 /* libosgAnimation.3.1.2.dylib */; };
		ADC43A501715BCD3002296E7 /* libosgAnimation.92.dylib in Frameworks */ = {isa = PBXBuildFile; fileRef = ADC43A1C1715BCD3002296E7 /* libosgAnimation.92.dylib */; };
		ADC43A511715BCD3002296E7 /* libosgAnimation.dylib in Frameworks */ = {isa = PBXBuildFile; fileRef = ADC43A1D1715BCD3002296E7 /* libosgAnimation.dylib */; };
		ADC43A521715BCD3002296E7 /* libosgDB.3.1.2.dylib in Frameworks */ = {isa = PBXBuildFile; fileRef = ADC43A1E1715BCD3002296E7 /* libosgDB.3.1.2.dylib */; };
		ADC43A531715BCD3002296E7 /* libosgDB.92.dylib in Frameworks */ = {isa = PBXBuildFile; fileRef = ADC43A1F1715BCD3002296E7 /* libosgDB.92.dylib */; };
		ADC43A541715BCD3002296E7 /* libosgDB.dylib in Frameworks */ = {isa = PBXBuildFile; fileRef = ADC43A201715BCD3002296E7 /* libosgDB.dylib */; };
		ADC43A551715BCD3002296E7 /* libosgFX.3.1.2.dylib in Frameworks */ = {isa = PBXBuildFile; fileRef = ADC43A211715BCD3002296E7 /* libosgFX.3.1.2.dylib */; };
		ADC43A561715BCD3002296E7 /* libosgFX.92.dylib in Frameworks */ = {isa = PBXBuildFile; fileRef = ADC43A221715BCD3002296E7 /* libosgFX.92.dylib */; };
		ADC43A571715BCD3002296E7 /* libosgFX.dylib in Frameworks */ = {isa = PBXBuildFile; fileRef = ADC43A231715BCD3002296E7 /* libosgFX.dylib */; };
		ADC43A581715BCD3002296E7 /* libosgGA.3.1.2.dylib in Frameworks */ = {isa = PBXBuildFile; fileRef = ADC43A241715BCD3002296E7 /* libosgGA.3.1.2.dylib */; };
		ADC43A591715BCD3002296E7 /* libosgGA.92.dylib in Frameworks */ = {isa = PBXBuildFile; fileRef = ADC43A251715BCD3002296E7 /* libosgGA.92.dylib */; };
		ADC43A5A1715BCD3002296E7 /* libosgGA.dylib in Frameworks */ = {isa = PBXBuildFile; fileRef = ADC43A261715BCD3002296E7 /* libosgGA.dylib */; };
		ADC43A5B1715BCD3002296E7 /* libosgManipulator.3.1.2.dylib in Frameworks */ = {isa = PBXBuildFile; fileRef = ADC43A271715BCD3002296E7 /* libosgManipulator.3.1.2.dylib */; };
		ADC43A5C1715BCD3002296E7 /* libosgManipulator.92.dylib in Frameworks */ = {isa = PBXBuildFile; fileRef = ADC43A281715BCD3002296E7 /* libosgManipulator.92.dylib */; };
		ADC43A5D1715BCD3002296E7 /* libosgManipulator.dylib in Frameworks */ = {isa = PBXBuildFile; fileRef = ADC43A291715BCD3002296E7 /* libosgManipulator.dylib */; };
		ADC43A5E1715BCD3002296E7 /* libosgParticle.3.1.2.dylib in Frameworks */ = {isa = PBXBuildFile; fileRef = ADC43A2A1715BCD3002296E7 /* libosgParticle.3.1.2.dylib */; };
		ADC43A5F1715BCD3002296E7 /* libosgParticle.92.dylib in Frameworks */ = {isa = PBXBuildFile; fileRef = ADC43A2B1715BCD3002296E7 /* libosgParticle.92.dylib */; };
		ADC43A601715BCD3002296E7 /* libosgParticle.dylib in Frameworks */ = {isa = PBXBuildFile; fileRef = ADC43A2C1715BCD3002296E7 /* libosgParticle.dylib */; };
		ADC43A611715BCD3002296E7 /* libosgPresentation.3.1.2.dylib in Frameworks */ = {isa = PBXBuildFile; fileRef = ADC43A2D1715BCD3002296E7 /* libosgPresentation.3.1.2.dylib */; };
		ADC43A621715BCD3002296E7 /* libosgPresentation.92.dylib in Frameworks */ = {isa = PBXBuildFile; fileRef = ADC43A2E1715BCD3002296E7 /* libosgPresentation.92.dylib */; };
		ADC43A631715BCD3002296E7 /* libosgPresentation.dylib in Frameworks */ = {isa = PBXBuildFile; fileRef = ADC43A2F1715BCD3002296E7 /* libosgPresentation.dylib */; };
		ADC43A641715BCD3002296E7 /* libosgShadow.3.1.2.dylib in Frameworks */ = {isa = PBXBuildFile; fileRef = ADC43A301715BCD3002296E7 /* libosgShadow.3.1.2.dylib */; };
		ADC43A651715BCD3002296E7 /* libosgShadow.92.dylib in Frameworks */ = {isa = PBXBuildFile; fileRef = ADC43A311715BCD3002296E7 /* libosgShadow.92.dylib */; };
		ADC43A661715BCD3002296E7 /* libosgShadow.dylib in Frameworks */ = {isa = PBXBuildFile; fileRef = ADC43A321715BCD3002296E7 /* libosgShadow.dylib */; };
		ADC43A671715BCD3002296E7 /* libosgSim.3.1.2.dylib in Frameworks */ = {isa = PBXBuildFile; fileRef = ADC43A331715BCD3002296E7 /* libosgSim.3.1.2.dylib */; };
		ADC43A681715BCD3002296E7 /* libosgSim.92.dylib in Frameworks */ = {isa = PBXBuildFile; fileRef = ADC43A341715BCD3002296E7 /* libosgSim.92.dylib */; };
		ADC43A691715BCD3002296E7 /* libosgSim.dylib in Frameworks */ = {isa = PBXBuildFile; fileRef = ADC43A351715BCD3002296E7 /* libosgSim.dylib */; };
		ADC43A6A1715BCD3002296E7 /* libosgTerrain.3.1.2.dylib in Frameworks */ = {isa = PBXBuildFile; fileRef = ADC43A361715BCD3002296E7 /* libosgTerrain.3.1.2.dylib */; };
		ADC43A6B1715BCD3002296E7 /* libosgTerrain.92.dylib in Frameworks */ = {isa = PBXBuildFile; fileRef = ADC43A371715BCD3002296E7 /* libosgTerrain.92.dylib */; };
		ADC43A6C1715BCD3002296E7 /* libosgTerrain.dylib in Frameworks */ = {isa = PBXBuildFile; fileRef = ADC43A381715BCD3002296E7 /* libosgTerrain.dylib */; };
		ADC43A6D1715BCD3002296E7 /* libosgText.3.1.2.dylib in Frameworks */ = {isa = PBXBuildFile; fileRef = ADC43A391715BCD3002296E7 /* libosgText.3.1.2.dylib */; };
		ADC43A6E1715BCD3002296E7 /* libosgText.92.dylib in Frameworks */ = {isa = PBXBuildFile; fileRef = ADC43A3A1715BCD3002296E7 /* libosgText.92.dylib */; };
		ADC43A6F1715BCD3002296E7 /* libosgText.dylib in Frameworks */ = {isa = PBXBuildFile; fileRef = ADC43A3B1715BCD3002296E7 /* libosgText.dylib */; };
		ADC43A701715BCD3002296E7 /* libosgUtil.3.1.2.dylib in Frameworks */ = {isa = PBXBuildFile; fileRef = ADC43A3C1715BCD3002296E7 /* libosgUtil.3.1.2.dylib */; };
		ADC43A711715BCD3002296E7 /* libosgUtil.92.dylib in Frameworks */ = {isa = PBXBuildFile; fileRef = ADC43A3D1715BCD3002296E7 /* libosgUtil.92.dylib */; };
		ADC43A721715BCD3002296E7 /* libosgUtil.dylib in Frameworks */ = {isa = PBXBuildFile; fileRef = ADC43A3E1715BCD3002296E7 /* libosgUtil.dylib */; };
		ADC43A731715BCD3002296E7 /* libosgViewer.3.1.2.dylib in Frameworks */ = {isa = PBXBuildFile; fileRef = ADC43A3F1715BCD3002296E7 /* libosgViewer.3.1.2.dylib */; };
		ADC43A741715BCD3002296E7 /* libosgViewer.92.dylib in Frameworks */ = {isa = PBXBuildFile; fileRef = ADC43A401715BCD3002296E7 /* libosgViewer.92.dylib */; };
		ADC43A751715BCD3002296E7 /* libosgViewer.dylib in Frameworks */ = {isa = PBXBuildFile; fileRef = ADC43A411715BCD3002296E7 /* libosgViewer.dylib */; };
		ADC43A761715BCD3002296E7 /* libosgVolume.3.1.2.dylib in Frameworks */ = {isa = PBXBuildFile; fileRef = ADC43A421715BCD3002296E7 /* libosgVolume.3.1.2.dylib */; };
		ADC43A771715BCD3002296E7 /* libosgVolume.92.dylib in Frameworks */ = {isa = PBXBuildFile; fileRef = ADC43A431715BCD3002296E7 /* libosgVolume.92.dylib */; };
		ADC43A781715BCD3002296E7 /* libosgVolume.dylib in Frameworks */ = {isa = PBXBuildFile; fileRef = ADC43A441715BCD3002296E7 /* libosgVolume.dylib */; };
		ADC43A791715BCD3002296E7 /* libosgWidget.3.1.2.dylib in Frameworks */ = {isa = PBXBuildFile; fileRef = ADC43A451715BCD3002296E7 /* libosgWidget.3.1.2.dylib */; };
		ADC43A7A1715BCD3002296E7 /* libosgWidget.92.dylib in Frameworks */ = {isa = PBXBuildFile; fileRef = ADC43A461715BCD3002296E7 /* libosgWidget.92.dylib */; };
		ADC43A7B1715BCD3002296E7 /* libosgWidget.dylib in Frameworks */ = {isa = PBXBuildFile; fileRef = ADC43A471715BCD3002296E7 /* libosgWidget.dylib */; };
		ADF19FDE173C001400DC2902 /* InitHelper.cpp in Sources */ = {isa = PBXBuildFile; fileRef = ADF19FDC173C001400DC2902 /* InitHelper.cpp */; };
/* End PBXBuildFile section */

/* Begin PBXCopyFilesBuildPhase section */
		ADC43A061715BC7F002296E7 /* CopyFiles */ = {
			isa = PBXCopyFilesBuildPhase;
			buildActionMask = 2147483647;
			dstPath = /usr/share/man/man1/;
			dstSubfolderSpec = 0;
			files = (
			);
			runOnlyForDeploymentPostprocessing = 1;
		};
/* End PBXCopyFilesBuildPhase section */

/* Begin PBXFileReference section */
		AD041FD5172FA71800FE891A /* InitVisitor.cpp */ = {isa = PBXFileReference; fileEncoding = 4; lastKnownFileType = sourcecode.cpp.cpp; path = InitVisitor.cpp; sourceTree = "<group>"; };
		AD041FD6172FA71800FE891A /* InitVisitor.h */ = {isa = PBXFileReference; fileEncoding = 4; lastKnownFileType = sourcecode.c.h; path = InitVisitor.h; sourceTree = "<group>"; };
		AD7409C2172CC0CA005FEA97 /* FindNodeVisitor.cpp */ = {isa = PBXFileReference; fileEncoding = 4; lastKnownFileType = sourcecode.cpp.cpp; path = FindNodeVisitor.cpp; sourceTree = "<group>"; };
		AD7409C3172CC0CA005FEA97 /* FindNodeVisitor.h */ = {isa = PBXFileReference; fileEncoding = 4; lastKnownFileType = sourcecode.c.h; path = FindNodeVisitor.h; sourceTree = "<group>"; };
		AD7409C5172CC3D5005FEA97 /* RobotUpdator.cpp */ = {isa = PBXFileReference; fileEncoding = 4; lastKnownFileType = sourcecode.cpp.cpp; path = RobotUpdator.cpp; sourceTree = "<group>"; };
		AD7409C6172CC3D5005FEA97 /* RobotUpdator.h */ = {isa = PBXFileReference; fileEncoding = 4; lastKnownFileType = sourcecode.c.h; path = RobotUpdator.h; sourceTree = "<group>"; };
		AD7409CC172E5503005FEA97 /* RobotHandler.cpp */ = {isa = PBXFileReference; fileEncoding = 4; lastKnownFileType = sourcecode.cpp.cpp; path = RobotHandler.cpp; sourceTree = "<group>"; };
		AD7409CD172E5503005FEA97 /* RobotHandler.h */ = {isa = PBXFileReference; fileEncoding = 4; lastKnownFileType = sourcecode.c.h; path = RobotHandler.h; sourceTree = "<group>"; };
		AD7409D0172E977C005FEA97 /* Commander.h */ = {isa = PBXFileReference; fileEncoding = 4; lastKnownFileType = sourcecode.c.h; path = Commander.h; sourceTree = "<group>"; };
		AD7409D2172E9E8D005FEA97 /* Commander.cpp */ = {isa = PBXFileReference; fileEncoding = 4; lastKnownFileType = sourcecode.cpp.cpp; path = Commander.cpp; sourceTree = "<group>"; };
		ADBB65981736708200C88086 /* RobotCallback.cpp */ = {isa = PBXFileReference; fileEncoding = 4; lastKnownFileType = sourcecode.cpp.cpp; path = RobotCallback.cpp; sourceTree = "<group>"; };
		ADBB65991736708200C88086 /* RobotCallback.h */ = {isa = PBXFileReference; fileEncoding = 4; lastKnownFileType = sourcecode.c.h; path = RobotCallback.h; sourceTree = "<group>"; };
		ADBB66FD17381F9200C88086 /* OSGShape.cpp */ = {isa = PBXFileReference; fileEncoding = 4; lastKnownFileType = sourcecode.cpp.cpp; path = OSGShape.cpp; sourceTree = "<group>"; };
		ADBB66FE17381F9200C88086 /* OSGShape.h */ = {isa = PBXFileReference; fileEncoding = 4; lastKnownFileType = sourcecode.c.h; path = OSGShape.h; sourceTree = "<group>"; };
		ADBB670017382E0100C88086 /* util */ = {isa = PBXFileReference; explicitFileType = sourcecode.cpp.h; path = util; sourceTree = "<group>"; };
		ADBB67101739CD7B00C88086 /* AddEventHandler.cpp */ = {isa = PBXFileReference; fileEncoding = 4; lastKnownFileType = sourcecode.cpp.cpp; path = AddEventHandler.cpp; sourceTree = "<group>"; };
		ADBB67111739CD7C00C88086 /* AddEventHandler.h */ = {isa = PBXFileReference; fileEncoding = 4; lastKnownFileType = sourcecode.c.h; path = AddEventHandler.h; sourceTree = "<group>"; };
		ADBB6713173A2E2800C88086 /* OSGGeometry.cpp */ = {isa = PBXFileReference; fileEncoding = 4; lastKnownFileType = sourcecode.cpp.cpp; path = OSGGeometry.cpp; sourceTree = "<group>"; };
		ADBB6714173A2E2800C88086 /* OSGGeometry.h */ = {isa = PBXFileReference; fileEncoding = 4; lastKnownFileType = sourcecode.c.h; path = OSGGeometry.h; sourceTree = "<group>"; };
		ADBB6716173A328F00C88086 /* OSGDrawable.cpp */ = {isa = PBXFileReference; fileEncoding = 4; lastKnownFileType = sourcecode.cpp.cpp; path = OSGDrawable.cpp; sourceTree = "<group>"; };
		ADBB6717173A328F00C88086 /* OSGDrawable.h */ = {isa = PBXFileReference; fileEncoding = 4; lastKnownFileType = sourcecode.c.h; path = OSGDrawable.h; sourceTree = "<group>"; };
		ADBB671C173A8BBC00C88086 /* type.h */ = {isa = PBXFileReference; lastKnownFileType = sourcecode.c.h; path = type.h; sourceTree = "<group>"; };
		ADBB671D173A9F9F00C88086 /* PickerHandler.cpp */ = {isa = PBXFileReference; fileEncoding = 4; lastKnownFileType = sourcecode.cpp.cpp; path = PickerHandler.cpp; sourceTree = "<group>"; };
		ADBB671E173A9FA000C88086 /* PickerHandler.h */ = {isa = PBXFileReference; fileEncoding = 4; lastKnownFileType = sourcecode.c.h; path = PickerHandler.h; sourceTree = "<group>"; };
		ADBB6720173AB8B600C88086 /* DeSelectVisitor.cpp */ = {isa = PBXFileReference; fileEncoding = 4; lastKnownFileType = sourcecode.cpp.cpp; path = DeSelectVisitor.cpp; sourceTree = "<group>"; };
		ADBB6721173AB8B700C88086 /* DeSelectVisitor.h */ = {isa = PBXFileReference; fileEncoding = 4; lastKnownFileType = sourcecode.c.h; path = DeSelectVisitor.h; sourceTree = "<group>"; };
		ADBB6723173AD37000C88086 /* CameraRecordHandler.cpp */ = {isa = PBXFileReference; fileEncoding = 4; lastKnownFileType = sourcecode.cpp.cpp; path = CameraRecordHandler.cpp; sourceTree = "<group>"; };
		ADBB6724173AD37100C88086 /* CameraRecordHandler.h */ = {isa = PBXFileReference; fileEncoding = 4; lastKnownFileType = sourcecode.c.h; path = CameraRecordHandler.h; sourceTree = "<group>"; };
		ADBB6726173ADBB800C88086 /* main.cpp */ = {isa = PBXFileReference; lastKnownFileType = sourcecode.cpp.cpp; path = main.cpp; sourceTree = "<group>"; };
		ADBB6727173ADBB800C88086 /* PrintVisitor.cpp */ = {isa = PBXFileReference; lastKnownFileType = sourcecode.cpp.cpp; path = PrintVisitor.cpp; sourceTree = "<group>"; };
		ADBB6728173ADBB900C88086 /* PrintVisitor.h */ = {isa = PBXFileReference; lastKnownFileType = sourcecode.c.h; path = PrintVisitor.h; sourceTree = "<group>"; };
		ADBB6729173ADBBA00C88086 /* SimpleEventHandler.cpp */ = {isa = PBXFileReference; lastKnownFileType = sourcecode.cpp.cpp; path = SimpleEventHandler.cpp; sourceTree = "<group>"; };
		ADBB672A173ADBBB00C88086 /* SimpleEventHandler.h */ = {isa = PBXFileReference; lastKnownFileType = sourcecode.c.h; path = SimpleEventHandler.h; sourceTree = "<group>"; };
		ADBB672E173AE39700C88086 /* FxHandler.cpp */ = {isa = PBXFileReference; fileEncoding = 4; lastKnownFileType = sourcecode.cpp.cpp; path = FxHandler.cpp; sourceTree = "<group>"; };
		ADBB672F173AE39800C88086 /* FxHandler.h */ = {isa = PBXFileReference; fileEncoding = 4; lastKnownFileType = sourcecode.c.h; path = FxHandler.h; sourceTree = "<group>"; };
		ADBB6731173AE89100C88086 /* OSGFx.cpp */ = {isa = PBXFileReference; fileEncoding = 4; lastKnownFileType = sourcecode.cpp.cpp; path = OSGFx.cpp; sourceTree = "<group>"; };
		ADBB6732173AE89200C88086 /* OSGFx.h */ = {isa = PBXFileReference; fileEncoding = 4; lastKnownFileType = sourcecode.c.h; path = OSGFx.h; sourceTree = "<group>"; };
		ADBB6734173B6FC000C88086 /* DraggerSwitch.cpp */ = {isa = PBXFileReference; fileEncoding = 4; lastKnownFileType = sourcecode.cpp.cpp; path = DraggerSwitch.cpp; sourceTree = "<group>"; };
		ADBB6735173B6FC100C88086 /* DraggerSwitch.h */ = {isa = PBXFileReference; fileEncoding = 4; lastKnownFileType = sourcecode.c.h; path = DraggerSwitch.h; sourceTree = "<group>"; };
		ADBB673A173B741500C88086 /* OSGDraggers.cpp */ = {isa = PBXFileReference; fileEncoding = 4; lastKnownFileType = sourcecode.cpp.cpp; path = OSGDraggers.cpp; sourceTree = "<group>"; };
		ADBB673B173B741500C88086 /* OSGDraggers.h */ = {isa = PBXFileReference; fileEncoding = 4; lastKnownFileType = sourcecode.c.h; path = OSGDraggers.h; sourceTree = "<group>"; };
		ADBB673D173B95D900C88086 /* DraggerSwitchHandler.cpp */ = {isa = PBXFileReference; fileEncoding = 4; lastKnownFileType = sourcecode.cpp.cpp; path = DraggerSwitchHandler.cpp; sourceTree = "<group>"; };
		ADBB673E173B95DA00C88086 /* DraggerSwitchHandler.h */ = {isa = PBXFileReference; fileEncoding = 4; lastKnownFileType = sourcecode.c.h; path = DraggerSwitchHandler.h; sourceTree = "<group>"; };
		ADBB6740173BA3F100C88086 /* FileHandler.cpp */ = {isa = PBXFileReference; fileEncoding = 4; lastKnownFileType = sourcecode.cpp.cpp; path = FileHandler.cpp; sourceTree = "<group>"; };
		ADBB6741173BA3F200C88086 /* FileHandler.h */ = {isa = PBXFileReference; fileEncoding = 4; lastKnownFileType = sourcecode.c.h; path = FileHandler.h; sourceTree = "<group>"; };
		ADBB6743173BA43600C88086 /* SaveVisitor.cpp */ = {isa = PBXFileReference; fileEncoding = 4; lastKnownFileType = sourcecode.cpp.cpp; path = SaveVisitor.cpp; sourceTree = "<group>"; };
		ADBB6744173BA43700C88086 /* SaveVisitor.h */ = {isa = PBXFileReference; fileEncoding = 4; lastKnownFileType = sourcecode.c.h; path = SaveVisitor.h; sourceTree = "<group>"; };
		ADBB6749173BA9B200C88086 /* rapidjson */ = {isa = PBXFileReference; lastKnownFileType = folder; path = rapidjson; sourceTree = "<group>"; };
		ADC43A081715BC7F002296E7 /* testlibx */ = {isa = PBXFileReference; explicitFileType = "compiled.mach-o.executable"; includeInIndex = 0; path = testlibx; sourceTree = BUILT_PRODUCTS_DIR; };
		ADC43A151715BCD3002296E7 /* libOpenThreads.2.6.0.dylib */ = {isa = PBXFileReference; lastKnownFileType = "compiled.mach-o.dylib"; name = libOpenThreads.2.6.0.dylib; path = /usr/local/lib/libOpenThreads.2.6.0.dylib; sourceTree = "<absolute>"; };
		ADC43A161715BCD3002296E7 /* libOpenThreads.12.dylib */ = {isa = PBXFileReference; lastKnownFileType = "compiled.mach-o.dylib"; name = libOpenThreads.12.dylib; path = /usr/local/lib/libOpenThreads.12.dylib; sourceTree = "<absolute>"; };
		ADC43A171715BCD3002296E7 /* libOpenThreads.dylib */ = {isa = PBXFileReference; lastKnownFileType = "compiled.mach-o.dylib"; name = libOpenThreads.dylib; path = /usr/local/lib/libOpenThreads.dylib; sourceTree = "<absolute>"; };
		ADC43A181715BCD3002296E7 /* libosg.3.1.2.dylib */ = {isa = PBXFileReference; lastKnownFileType = "compiled.mach-o.dylib"; name = libosg.3.1.2.dylib; path = /usr/local/lib/libosg.3.1.2.dylib; sourceTree = "<absolute>"; };
		ADC43A191715BCD3002296E7 /* libosg.92.dylib */ = {isa = PBXFileReference; lastKnownFileType = "compiled.mach-o.dylib"; name = libosg.92.dylib; path = /usr/local/lib/libosg.92.dylib; sourceTree = "<absolute>"; };
		ADC43A1A1715BCD3002296E7 /* libosg.dylib */ = {isa = PBXFileReference; lastKnownFileType = "compiled.mach-o.dylib"; name = libosg.dylib; path = /usr/local/lib/libosg.dylib; sourceTree = "<absolute>"; };
		ADC43A1B1715BCD3002296E7 /* libosgAnimation.3.1.2.dylib */ = {isa = PBXFileReference; lastKnownFileType = "compiled.mach-o.dylib"; name = libosgAnimation.3.1.2.dylib; path = /usr/local/lib/libosgAnimation.3.1.2.dylib; sourceTree = "<absolute>"; };
		ADC43A1C1715BCD3002296E7 /* libosgAnimation.92.dylib */ = {isa = PBXFileReference; lastKnownFileType = "compiled.mach-o.dylib"; name = libosgAnimation.92.dylib; path = /usr/local/lib/libosgAnimation.92.dylib; sourceTree = "<absolute>"; };
		ADC43A1D1715BCD3002296E7 /* libosgAnimation.dylib */ = {isa = PBXFileReference; lastKnownFileType = "compiled.mach-o.dylib"; name = libosgAnimation.dylib; path = /usr/local/lib/libosgAnimation.dylib; sourceTree = "<absolute>"; };
		ADC43A1E1715BCD3002296E7 /* libosgDB.3.1.2.dylib */ = {isa = PBXFileReference; lastKnownFileType = "compiled.mach-o.dylib"; name = libosgDB.3.1.2.dylib; path = /usr/local/lib/libosgDB.3.1.2.dylib; sourceTree = "<absolute>"; };
		ADC43A1F1715BCD3002296E7 /* libosgDB.92.dylib */ = {isa = PBXFileReference; lastKnownFileType = "compiled.mach-o.dylib"; name = libosgDB.92.dylib; path = /usr/local/lib/libosgDB.92.dylib; sourceTree = "<absolute>"; };
		ADC43A201715BCD3002296E7 /* libosgDB.dylib */ = {isa = PBXFileReference; lastKnownFileType = "compiled.mach-o.dylib"; name = libosgDB.dylib; path = /usr/local/lib/libosgDB.dylib; sourceTree = "<absolute>"; };
		ADC43A211715BCD3002296E7 /* libosgFX.3.1.2.dylib */ = {isa = PBXFileReference; lastKnownFileType = "compiled.mach-o.dylib"; name = libosgFX.3.1.2.dylib; path = /usr/local/lib/libosgFX.3.1.2.dylib; sourceTree = "<absolute>"; };
		ADC43A221715BCD3002296E7 /* libosgFX.92.dylib */ = {isa = PBXFileReference; lastKnownFileType = "compiled.mach-o.dylib"; name = libosgFX.92.dylib; path = /usr/local/lib/libosgFX.92.dylib; sourceTree = "<absolute>"; };
		ADC43A231715BCD3002296E7 /* libosgFX.dylib */ = {isa = PBXFileReference; lastKnownFileType = "compiled.mach-o.dylib"; name = libosgFX.dylib; path = /usr/local/lib/libosgFX.dylib; sourceTree = "<absolute>"; };
		ADC43A241715BCD3002296E7 /* libosgGA.3.1.2.dylib */ = {isa = PBXFileReference; lastKnownFileType = "compiled.mach-o.dylib"; name = libosgGA.3.1.2.dylib; path = /usr/local/lib/libosgGA.3.1.2.dylib; sourceTree = "<absolute>"; };
		ADC43A251715BCD3002296E7 /* libosgGA.92.dylib */ = {isa = PBXFileReference; lastKnownFileType = "compiled.mach-o.dylib"; name = libosgGA.92.dylib; path = /usr/local/lib/libosgGA.92.dylib; sourceTree = "<absolute>"; };
		ADC43A261715BCD3002296E7 /* libosgGA.dylib */ = {isa = PBXFileReference; lastKnownFileType = "compiled.mach-o.dylib"; name = libosgGA.dylib; path = /usr/local/lib/libosgGA.dylib; sourceTree = "<absolute>"; };
		ADC43A271715BCD3002296E7 /* libosgManipulator.3.1.2.dylib */ = {isa = PBXFileReference; lastKnownFileType = "compiled.mach-o.dylib"; name = libosgManipulator.3.1.2.dylib; path = /usr/local/lib/libosgManipulator.3.1.2.dylib; sourceTree = "<absolute>"; };
		ADC43A281715BCD3002296E7 /* libosgManipulator.92.dylib */ = {isa = PBXFileReference; lastKnownFileType = "compiled.mach-o.dylib"; name = libosgManipulator.92.dylib; path = /usr/local/lib/libosgManipulator.92.dylib; sourceTree = "<absolute>"; };
		ADC43A291715BCD3002296E7 /* libosgManipulator.dylib */ = {isa = PBXFileReference; lastKnownFileType = "compiled.mach-o.dylib"; name = libosgManipulator.dylib; path = /usr/local/lib/libosgManipulator.dylib; sourceTree = "<absolute>"; };
		ADC43A2A1715BCD3002296E7 /* libosgParticle.3.1.2.dylib */ = {isa = PBXFileReference; lastKnownFileType = "compiled.mach-o.dylib"; name = libosgParticle.3.1.2.dylib; path = /usr/local/lib/libosgParticle.3.1.2.dylib; sourceTree = "<absolute>"; };
		ADC43A2B1715BCD3002296E7 /* libosgParticle.92.dylib */ = {isa = PBXFileReference; lastKnownFileType = "compiled.mach-o.dylib"; name = libosgParticle.92.dylib; path = /usr/local/lib/libosgParticle.92.dylib; sourceTree = "<absolute>"; };
		ADC43A2C1715BCD3002296E7 /* libosgParticle.dylib */ = {isa = PBXFileReference; lastKnownFileType = "compiled.mach-o.dylib"; name = libosgParticle.dylib; path = /usr/local/lib/libosgParticle.dylib; sourceTree = "<absolute>"; };
		ADC43A2D1715BCD3002296E7 /* libosgPresentation.3.1.2.dylib */ = {isa = PBXFileReference; lastKnownFileType = "compiled.mach-o.dylib"; name = libosgPresentation.3.1.2.dylib; path = /usr/local/lib/libosgPresentation.3.1.2.dylib; sourceTree = "<absolute>"; };
		ADC43A2E1715BCD3002296E7 /* libosgPresentation.92.dylib */ = {isa = PBXFileReference; lastKnownFileType = "compiled.mach-o.dylib"; name = libosgPresentation.92.dylib; path = /usr/local/lib/libosgPresentation.92.dylib; sourceTree = "<absolute>"; };
		ADC43A2F1715BCD3002296E7 /* libosgPresentation.dylib */ = {isa = PBXFileReference; lastKnownFileType = "compiled.mach-o.dylib"; name = libosgPresentation.dylib; path = /usr/local/lib/libosgPresentation.dylib; sourceTree = "<absolute>"; };
		ADC43A301715BCD3002296E7 /* libosgShadow.3.1.2.dylib */ = {isa = PBXFileReference; lastKnownFileType = "compiled.mach-o.dylib"; name = libosgShadow.3.1.2.dylib; path = /usr/local/lib/libosgShadow.3.1.2.dylib; sourceTree = "<absolute>"; };
		ADC43A311715BCD3002296E7 /* libosgShadow.92.dylib */ = {isa = PBXFileReference; lastKnownFileType = "compiled.mach-o.dylib"; name = libosgShadow.92.dylib; path = /usr/local/lib/libosgShadow.92.dylib; sourceTree = "<absolute>"; };
		ADC43A321715BCD3002296E7 /* libosgShadow.dylib */ = {isa = PBXFileReference; lastKnownFileType = "compiled.mach-o.dylib"; name = libosgShadow.dylib; path = /usr/local/lib/libosgShadow.dylib; sourceTree = "<absolute>"; };
		ADC43A331715BCD3002296E7 /* libosgSim.3.1.2.dylib */ = {isa = PBXFileReference; lastKnownFileType = "compiled.mach-o.dylib"; name = libosgSim.3.1.2.dylib; path = /usr/local/lib/libosgSim.3.1.2.dylib; sourceTree = "<absolute>"; };
		ADC43A341715BCD3002296E7 /* libosgSim.92.dylib */ = {isa = PBXFileReference; lastKnownFileType = "compiled.mach-o.dylib"; name = libosgSim.92.dylib; path = /usr/local/lib/libosgSim.92.dylib; sourceTree = "<absolute>"; };
		ADC43A351715BCD3002296E7 /* libosgSim.dylib */ = {isa = PBXFileReference; lastKnownFileType = "compiled.mach-o.dylib"; name = libosgSim.dylib; path = /usr/local/lib/libosgSim.dylib; sourceTree = "<absolute>"; };
		ADC43A361715BCD3002296E7 /* libosgTerrain.3.1.2.dylib */ = {isa = PBXFileReference; lastKnownFileType = "compiled.mach-o.dylib"; name = libosgTerrain.3.1.2.dylib; path = /usr/local/lib/libosgTerrain.3.1.2.dylib; sourceTree = "<absolute>"; };
		ADC43A371715BCD3002296E7 /* libosgTerrain.92.dylib */ = {isa = PBXFileReference; lastKnownFileType = "compiled.mach-o.dylib"; name = libosgTerrain.92.dylib; path = /usr/local/lib/libosgTerrain.92.dylib; sourceTree = "<absolute>"; };
		ADC43A381715BCD3002296E7 /* libosgTerrain.dylib */ = {isa = PBXFileReference; lastKnownFileType = "compiled.mach-o.dylib"; name = libosgTerrain.dylib; path = /usr/local/lib/libosgTerrain.dylib; sourceTree = "<absolute>"; };
		ADC43A391715BCD3002296E7 /* libosgText.3.1.2.dylib */ = {isa = PBXFileReference; lastKnownFileType = "compiled.mach-o.dylib"; name = libosgText.3.1.2.dylib; path = /usr/local/lib/libosgText.3.1.2.dylib; sourceTree = "<absolute>"; };
		ADC43A3A1715BCD3002296E7 /* libosgText.92.dylib */ = {isa = PBXFileReference; lastKnownFileType = "compiled.mach-o.dylib"; name = libosgText.92.dylib; path = /usr/local/lib/libosgText.92.dylib; sourceTree = "<absolute>"; };
		ADC43A3B1715BCD3002296E7 /* libosgText.dylib */ = {isa = PBXFileReference; lastKnownFileType = "compiled.mach-o.dylib"; name = libosgText.dylib; path = /usr/local/lib/libosgText.dylib; sourceTree = "<absolute>"; };
		ADC43A3C1715BCD3002296E7 /* libosgUtil.3.1.2.dylib */ = {isa = PBXFileReference; lastKnownFileType = "compiled.mach-o.dylib"; name = libosgUtil.3.1.2.dylib; path = /usr/local/lib/libosgUtil.3.1.2.dylib; sourceTree = "<absolute>"; };
		ADC43A3D1715BCD3002296E7 /* libosgUtil.92.dylib */ = {isa = PBXFileReference; lastKnownFileType = "compiled.mach-o.dylib"; name = libosgUtil.92.dylib; path = /usr/local/lib/libosgUtil.92.dylib; sourceTree = "<absolute>"; };
		ADC43A3E1715BCD3002296E7 /* libosgUtil.dylib */ = {isa = PBXFileReference; lastKnownFileType = "compiled.mach-o.dylib"; name = libosgUtil.dylib; path = /usr/local/lib/libosgUtil.dylib; sourceTree = "<absolute>"; };
		ADC43A3F1715BCD3002296E7 /* libosgViewer.3.1.2.dylib */ = {isa = PBXFileReference; lastKnownFileType = "compiled.mach-o.dylib"; name = libosgViewer.3.1.2.dylib; path = /usr/local/lib/libosgViewer.3.1.2.dylib; sourceTree = "<absolute>"; };
		ADC43A401715BCD3002296E7 /* libosgViewer.92.dylib */ = {isa = PBXFileReference; lastKnownFileType = "compiled.mach-o.dylib"; name = libosgViewer.92.dylib; path = /usr/local/lib/libosgViewer.92.dylib; sourceTree = "<absolute>"; };
		ADC43A411715BCD3002296E7 /* libosgViewer.dylib */ = {isa = PBXFileReference; lastKnownFileType = "compiled.mach-o.dylib"; name = libosgViewer.dylib; path = /usr/local/lib/libosgViewer.dylib; sourceTree = "<absolute>"; };
		ADC43A421715BCD3002296E7 /* libosgVolume.3.1.2.dylib */ = {isa = PBXFileReference; lastKnownFileType = "compiled.mach-o.dylib"; name = libosgVolume.3.1.2.dylib; path = /usr/local/lib/libosgVolume.3.1.2.dylib; sourceTree = "<absolute>"; };
		ADC43A431715BCD3002296E7 /* libosgVolume.92.dylib */ = {isa = PBXFileReference; lastKnownFileType = "compiled.mach-o.dylib"; name = libosgVolume.92.dylib; path = /usr/local/lib/libosgVolume.92.dylib; sourceTree = "<absolute>"; };
		ADC43A441715BCD3002296E7 /* libosgVolume.dylib */ = {isa = PBXFileReference; lastKnownFileType = "compiled.mach-o.dylib"; name = libosgVolume.dylib; path = /usr/local/lib/libosgVolume.dylib; sourceTree = "<absolute>"; };
		ADC43A451715BCD3002296E7 /* libosgWidget.3.1.2.dylib */ = {isa = PBXFileReference; lastKnownFileType = "compiled.mach-o.dylib"; name = libosgWidget.3.1.2.dylib; path = /usr/local/lib/libosgWidget.3.1.2.dylib; sourceTree = "<absolute>"; };
		ADC43A461715BCD3002296E7 /* libosgWidget.92.dylib */ = {isa = PBXFileReference; lastKnownFileType = "compiled.mach-o.dylib"; name = libosgWidget.92.dylib; path = /usr/local/lib/libosgWidget.92.dylib; sourceTree = "<absolute>"; };
		ADC43A471715BCD3002296E7 /* libosgWidget.dylib */ = {isa = PBXFileReference; lastKnownFileType = "compiled.mach-o.dylib"; name = libosgWidget.dylib; path = /usr/local/lib/libosgWidget.dylib; sourceTree = "<absolute>"; };
		ADF19FDC173C001400DC2902 /* InitHelper.cpp */ = {isa = PBXFileReference; fileEncoding = 4; lastKnownFileType = sourcecode.cpp.cpp; path = InitHelper.cpp; sourceTree = "<group>"; };
		ADF19FDD173C001400DC2902 /* InitHelper.h */ = {isa = PBXFileReference; fileEncoding = 4; lastKnownFileType = sourcecode.c.h; path = InitHelper.h; sourceTree = "<group>"; };
/* End PBXFileReference section */

/* Begin PBXFrameworksBuildPhase section */
		ADC43A051715BC7F002296E7 /* Frameworks */ = {
			isa = PBXFrameworksBuildPhase;
			buildActionMask = 2147483647;
			files = (
				ADC43A491715BCD3002296E7 /* libOpenThreads.2.6.0.dylib in Frameworks */,
				ADC43A4A1715BCD3002296E7 /* libOpenThreads.12.dylib in Frameworks */,
				ADC43A4B1715BCD3002296E7 /* libOpenThreads.dylib in Frameworks */,
				ADC43A4C1715BCD3002296E7 /* libosg.3.1.2.dylib in Frameworks */,
				ADC43A4D1715BCD3002296E7 /* libosg.92.dylib in Frameworks */,
				ADC43A4E1715BCD3002296E7 /* libosg.dylib in Frameworks */,
				ADC43A4F1715BCD3002296E7 /* libosgAnimation.3.1.2.dylib in Frameworks */,
				ADC43A501715BCD3002296E7 /* libosgAnimation.92.dylib in Frameworks */,
				ADC43A511715BCD3002296E7 /* libosgAnimation.dylib in Frameworks */,
				ADC43A521715BCD3002296E7 /* libosgDB.3.1.2.dylib in Frameworks */,
				ADC43A531715BCD3002296E7 /* libosgDB.92.dylib in Frameworks */,
				ADC43A541715BCD3002296E7 /* libosgDB.dylib in Frameworks */,
				ADC43A551715BCD3002296E7 /* libosgFX.3.1.2.dylib in Frameworks */,
				ADC43A561715BCD3002296E7 /* libosgFX.92.dylib in Frameworks */,
				ADC43A571715BCD3002296E7 /* libosgFX.dylib in Frameworks */,
				ADC43A581715BCD3002296E7 /* libosgGA.3.1.2.dylib in Frameworks */,
				ADC43A591715BCD3002296E7 /* libosgGA.92.dylib in Frameworks */,
				ADC43A5A1715BCD3002296E7 /* libosgGA.dylib in Frameworks */,
				ADC43A5B1715BCD3002296E7 /* libosgManipulator.3.1.2.dylib in Frameworks */,
				ADC43A5C1715BCD3002296E7 /* libosgManipulator.92.dylib in Frameworks */,
				ADC43A5D1715BCD3002296E7 /* libosgManipulator.dylib in Frameworks */,
				ADC43A5E1715BCD3002296E7 /* libosgParticle.3.1.2.dylib in Frameworks */,
				ADC43A5F1715BCD3002296E7 /* libosgParticle.92.dylib in Frameworks */,
				ADC43A601715BCD3002296E7 /* libosgParticle.dylib in Frameworks */,
				ADC43A611715BCD3002296E7 /* libosgPresentation.3.1.2.dylib in Frameworks */,
				ADC43A621715BCD3002296E7 /* libosgPresentation.92.dylib in Frameworks */,
				ADC43A631715BCD3002296E7 /* libosgPresentation.dylib in Frameworks */,
				ADC43A641715BCD3002296E7 /* libosgShadow.3.1.2.dylib in Frameworks */,
				ADC43A651715BCD3002296E7 /* libosgShadow.92.dylib in Frameworks */,
				ADC43A661715BCD3002296E7 /* libosgShadow.dylib in Frameworks */,
				ADC43A671715BCD3002296E7 /* libosgSim.3.1.2.dylib in Frameworks */,
				ADC43A681715BCD3002296E7 /* libosgSim.92.dylib in Frameworks */,
				ADC43A691715BCD3002296E7 /* libosgSim.dylib in Frameworks */,
				ADC43A6A1715BCD3002296E7 /* libosgTerrain.3.1.2.dylib in Frameworks */,
				ADC43A6B1715BCD3002296E7 /* libosgTerrain.92.dylib in Frameworks */,
				ADC43A6C1715BCD3002296E7 /* libosgTerrain.dylib in Frameworks */,
				ADC43A6D1715BCD3002296E7 /* libosgText.3.1.2.dylib in Frameworks */,
				ADC43A6E1715BCD3002296E7 /* libosgText.92.dylib in Frameworks */,
				ADC43A6F1715BCD3002296E7 /* libosgText.dylib in Frameworks */,
				ADC43A701715BCD3002296E7 /* libosgUtil.3.1.2.dylib in Frameworks */,
				ADC43A711715BCD3002296E7 /* libosgUtil.92.dylib in Frameworks */,
				ADC43A721715BCD3002296E7 /* libosgUtil.dylib in Frameworks */,
				ADC43A731715BCD3002296E7 /* libosgViewer.3.1.2.dylib in Frameworks */,
				ADC43A741715BCD3002296E7 /* libosgViewer.92.dylib in Frameworks */,
				ADC43A751715BCD3002296E7 /* libosgViewer.dylib in Frameworks */,
				ADC43A761715BCD3002296E7 /* libosgVolume.3.1.2.dylib in Frameworks */,
				ADC43A771715BCD3002296E7 /* libosgVolume.92.dylib in Frameworks */,
				ADC43A781715BCD3002296E7 /* libosgVolume.dylib in Frameworks */,
				ADC43A791715BCD3002296E7 /* libosgWidget.3.1.2.dylib in Frameworks */,
				ADC43A7A1715BCD3002296E7 /* libosgWidget.92.dylib in Frameworks */,
				ADC43A7B1715BCD3002296E7 /* libosgWidget.dylib in Frameworks */,
			);
			runOnlyForDeploymentPostprocessing = 0;
		};
/* End PBXFrameworksBuildPhase section */

/* Begin PBXGroup section */
		AD0BEA24171611A600DF4173 /* osgLib */ = {
			isa = PBXGroup;
			children = (
				ADC43A151715BCD3002296E7 /* libOpenThreads.2.6.0.dylib */,
				ADC43A161715BCD3002296E7 /* libOpenThreads.12.dylib */,
				ADC43A171715BCD3002296E7 /* libOpenThreads.dylib */,
				ADC43A181715BCD3002296E7 /* libosg.3.1.2.dylib */,
				ADC43A191715BCD3002296E7 /* libosg.92.dylib */,
				ADC43A1A1715BCD3002296E7 /* libosg.dylib */,
				ADC43A1B1715BCD3002296E7 /* libosgAnimation.3.1.2.dylib */,
				ADC43A1C1715BCD3002296E7 /* libosgAnimation.92.dylib */,
				ADC43A1D1715BCD3002296E7 /* libosgAnimation.dylib */,
				ADC43A1E1715BCD3002296E7 /* libosgDB.3.1.2.dylib */,
				ADC43A1F1715BCD3002296E7 /* libosgDB.92.dylib */,
				ADC43A201715BCD3002296E7 /* libosgDB.dylib */,
				ADC43A211715BCD3002296E7 /* libosgFX.3.1.2.dylib */,
				ADC43A221715BCD3002296E7 /* libosgFX.92.dylib */,
				ADC43A231715BCD3002296E7 /* libosgFX.dylib */,
				ADC43A241715BCD3002296E7 /* libosgGA.3.1.2.dylib */,
				ADC43A251715BCD3002296E7 /* libosgGA.92.dylib */,
				ADC43A261715BCD3002296E7 /* libosgGA.dylib */,
				ADC43A271715BCD3002296E7 /* libosgManipulator.3.1.2.dylib */,
				ADC43A281715BCD3002296E7 /* libosgManipulator.92.dylib */,
				ADC43A291715BCD3002296E7 /* libosgManipulator.dylib */,
				ADC43A2A1715BCD3002296E7 /* libosgParticle.3.1.2.dylib */,
				ADC43A2B1715BCD3002296E7 /* libosgParticle.92.dylib */,
				ADC43A2C1715BCD3002296E7 /* libosgParticle.dylib */,
				ADC43A2D1715BCD3002296E7 /* libosgPresentation.3.1.2.dylib */,
				ADC43A2E1715BCD3002296E7 /* libosgPresentation.92.dylib */,
				ADC43A2F1715BCD3002296E7 /* libosgPresentation.dylib */,
				ADC43A301715BCD3002296E7 /* libosgShadow.3.1.2.dylib */,
				ADC43A311715BCD3002296E7 /* libosgShadow.92.dylib */,
				ADC43A321715BCD3002296E7 /* libosgShadow.dylib */,
				ADC43A331715BCD3002296E7 /* libosgSim.3.1.2.dylib */,
				ADC43A341715BCD3002296E7 /* libosgSim.92.dylib */,
				ADC43A351715BCD3002296E7 /* libosgSim.dylib */,
				ADC43A361715BCD3002296E7 /* libosgTerrain.3.1.2.dylib */,
				ADC43A371715BCD3002296E7 /* libosgTerrain.92.dylib */,
				ADC43A381715BCD3002296E7 /* libosgTerrain.dylib */,
				ADC43A391715BCD3002296E7 /* libosgText.3.1.2.dylib */,
				ADC43A3A1715BCD3002296E7 /* libosgText.92.dylib */,
				ADC43A3B1715BCD3002296E7 /* libosgText.dylib */,
				ADC43A3C1715BCD3002296E7 /* libosgUtil.3.1.2.dylib */,
				ADC43A3D1715BCD3002296E7 /* libosgUtil.92.dylib */,
				ADC43A3E1715BCD3002296E7 /* libosgUtil.dylib */,
				ADC43A3F1715BCD3002296E7 /* libosgViewer.3.1.2.dylib */,
				ADC43A401715BCD3002296E7 /* libosgViewer.92.dylib */,
				ADC43A411715BCD3002296E7 /* libosgViewer.dylib */,
				ADC43A421715BCD3002296E7 /* libosgVolume.3.1.2.dylib */,
				ADC43A431715BCD3002296E7 /* libosgVolume.92.dylib */,
				ADC43A441715BCD3002296E7 /* libosgVolume.dylib */,
				ADC43A451715BCD3002296E7 /* libosgWidget.3.1.2.dylib */,
				ADC43A461715BCD3002296E7 /* libosgWidget.92.dylib */,
				ADC43A471715BCD3002296E7 /* libosgWidget.dylib */,
			);
			name = osgLib;
			sourceTree = "<group>";
		};
		ADC439FF1715BC7F002296E7 = {
			isa = PBXGroup;
			children = (
				ADBB6749173BA9B200C88086 /* rapidjson */,
				ADBB6740173BA3F100C88086 /* FileHandler.cpp */,
				ADF19FDC173C001400DC2902 /* InitHelper.cpp */,
				ADF19FDD173C001400DC2902 /* InitHelper.h */,
				ADBB6741173BA3F200C88086 /* FileHandler.h */,
				ADBB6743173BA43600C88086 /* SaveVisitor.cpp */,
				ADBB6744173BA43700C88086 /* SaveVisitor.h */,
				ADBB673A173B741500C88086 /* OSGDraggers.cpp */,
				ADBB673B173B741500C88086 /* OSGDraggers.h */,
				AD041FD6172FA71800FE891A /* InitVisitor.h */,
				AD041FD5172FA71800FE891A /* InitVisitor.cpp */,
				ADBB6734173B6FC000C88086 /* DraggerSwitch.cpp */,
				ADBB6735173B6FC100C88086 /* DraggerSwitch.h */,
				ADBB673D173B95D900C88086 /* DraggerSwitchHandler.cpp */,
				ADBB673E173B95DA00C88086 /* DraggerSwitchHandler.h */,
				ADBB671D173A9F9F00C88086 /* PickerHandler.cpp */,
				ADBB671E173A9FA000C88086 /* PickerHandler.h */,
				ADBB672E173AE39700C88086 /* FxHandler.cpp */,
				ADBB672F173AE39800C88086 /* FxHandler.h */,
				ADBB6731173AE89100C88086 /* OSGFx.cpp */,
				ADBB6732173AE89200C88086 /* OSGFx.h */,
				ADBB6724173AD37100C88086 /* CameraRecordHandler.h */,
				ADBB6723173AD37000C88086 /* CameraRecordHandler.cpp */,
				ADBB6720173AB8B600C88086 /* DeSelectVisitor.cpp */,
				ADBB6721173AB8B700C88086 /* DeSelectVisitor.h */,
				ADBB67101739CD7B00C88086 /* AddEventHandler.cpp */,
				ADBB67111739CD7C00C88086 /* AddEventHandler.h */,
				ADBB6726173ADBB800C88086 /* main.cpp */,
				ADBB6727173ADBB800C88086 /* PrintVisitor.cpp */,
				ADBB6728173ADBB900C88086 /* PrintVisitor.h */,
				ADBB6729173ADBBA00C88086 /* SimpleEventHandler.cpp */,
				ADBB672A173ADBBB00C88086 /* SimpleEventHandler.h */,
				ADBB66FD17381F9200C88086 /* OSGShape.cpp */,
				ADBB66FE17381F9200C88086 /* OSGShape.h */,
				ADBB6716173A328F00C88086 /* OSGDrawable.cpp */,
				ADBB6717173A328F00C88086 /* OSGDrawable.h */,
				ADBB6713173A2E2800C88086 /* OSGGeometry.cpp */,
				ADBB671C173A8BBC00C88086 /* type.h */,
				ADBB6714173A2E2800C88086 /* OSGGeometry.h */,
				ADBB670017382E0100C88086 /* util */,
				ADBB65981736708200C88086 /* RobotCallback.cpp */,
				ADBB65991736708200C88086 /* RobotCallback.h */,
				AD7409D0172E977C005FEA97 /* Commander.h */,
				AD7409D2172E9E8D005FEA97 /* Commander.cpp */,
				AD7409C5172CC3D5005FEA97 /* RobotUpdator.cpp */,
				AD7409C6172CC3D5005FEA97 /* RobotUpdator.h */,
				AD7409CD172E5503005FEA97 /* RobotHandler.h */,
				AD7409CC172E5503005FEA97 /* RobotHandler.cpp */,
				AD7409C2172CC0CA005FEA97 /* FindNodeVisitor.cpp */,
				AD7409C3172CC0CA005FEA97 /* FindNodeVisitor.h */,
				AD0BEA24171611A600DF4173 /* osgLib */,
				ADC43A0A1715BC7F002296E7 /* testlibx */,
				ADC43A091715BC7F002296E7 /* Products */,
			);
			sourceTree = "<group>";
		};
		ADC43A091715BC7F002296E7 /* Products */ = {
			isa = PBXGroup;
			children = (
				ADC43A081715BC7F002296E7 /* testlibx */,
			);
			name = Products;
			sourceTree = "<group>";
		};
		ADC43A0A1715BC7F002296E7 /* testlibx */ = {
			isa = PBXGroup;
			children = (
			);
			path = testlibx;
			sourceTree = "<group>";
		};
/* End PBXGroup section */

/* Begin PBXNativeTarget section */
		ADC43A071715BC7F002296E7 /* testlibx */ = {
			isa = PBXNativeTarget;
			buildConfigurationList = ADC43A111715BC7F002296E7 /* Build configuration list for PBXNativeTarget "testlibx" */;
			buildPhases = (
				ADC43A041715BC7F002296E7 /* Sources */,
				ADC43A051715BC7F002296E7 /* Frameworks */,
				ADC43A061715BC7F002296E7 /* CopyFiles */,
			);
			buildRules = (
			);
			dependencies = (
			);
			name = testlibx;
			productName = testlibx;
			productReference = ADC43A081715BC7F002296E7 /* testlibx */;
			productType = "com.apple.product-type.tool";
		};
/* End PBXNativeTarget section */

/* Begin PBXProject section */
		ADC43A001715BC7F002296E7 /* Project object */ = {
			isa = PBXProject;
			attributes = {
				LastUpgradeCheck = 0460;
				ORGANIZATIONNAME = MayoKaze;
			};
			buildConfigurationList = ADC43A031715BC7F002296E7 /* Build configuration list for PBXProject "testlibx" */;
			compatibilityVersion = "Xcode 3.2";
			developmentRegion = English;
			hasScannedForEncodings = 0;
			knownRegions = (
				en,
			);
			mainGroup = ADC439FF1715BC7F002296E7;
			productRefGroup = ADC43A091715BC7F002296E7 /* Products */;
			projectDirPath = "";
			projectRoot = "";
			targets = (
				ADC43A071715BC7F002296E7 /* testlibx */,
			);
		};
/* End PBXProject section */

/* Begin PBXSourcesBuildPhase section */
		ADC43A041715BC7F002296E7 /* Sources */ = {
			isa = PBXSourcesBuildPhase;
			buildActionMask = 2147483647;
			files = (
				ADBB672B173ADC2700C88086 /* main.cpp in Sources */,
				ADBB672C173ADC2700C88086 /* PrintVisitor.cpp in Sources */,
				ADBB672D173ADC2700C88086 /* SimpleEventHandler.cpp in Sources */,
				AD7409C4172CC0CA005FEA97 /* FindNodeVisitor.cpp in Sources */,
				AD7409C7172CC3D5005FEA97 /* RobotUpdator.cpp in Sources */,
				AD7409CE172E5503005FEA97 /* RobotHandler.cpp in Sources */,
				AD7409D3172E9E8D005FEA97 /* Commander.cpp in Sources */,
				AD041FD7172FA71800FE891A /* InitVisitor.cpp in Sources */,
				ADBB659A1736708200C88086 /* RobotCallback.cpp in Sources */,
				ADBB66FF17381F9200C88086 /* OSGShape.cpp in Sources */,
				ADBB67121739CD7C00C88086 /* AddEventHandler.cpp in Sources */,
				ADBB6715173A2E2800C88086 /* OSGGeometry.cpp in Sources */,
				ADBB6718173A328F00C88086 /* OSGDrawable.cpp in Sources */,
				ADBB671F173A9FA100C88086 /* PickerHandler.cpp in Sources */,
				ADBB6722173AB8B700C88086 /* DeSelectVisitor.cpp in Sources */,
				ADBB6725173AD37200C88086 /* CameraRecordHandler.cpp in Sources */,
				ADBB6730173AE39900C88086 /* FxHandler.cpp in Sources */,
				ADBB6733173AE89300C88086 /* OSGFx.cpp in Sources */,
				ADBB6736173B6FC100C88086 /* DraggerSwitch.cpp in Sources */,
				ADBB673C173B741600C88086 /* OSGDraggers.cpp in Sources */,
				ADBB673F173B95DA00C88086 /* DraggerSwitchHandler.cpp in Sources */,
				ADBB6742173BA3F200C88086 /* FileHandler.cpp in Sources */,
				ADBB6745173BA43700C88086 /* SaveVisitor.cpp in Sources */,
				ADF19FDE173C001400DC2902 /* InitHelper.cpp in Sources */,
			);
			runOnlyForDeploymentPostprocessing = 0;
		};
/* End PBXSourcesBuildPhase section */

/* Begin XCBuildConfiguration section */
		ADC43A0F1715BC7F002296E7 /* Debug */ = {
			isa = XCBuildConfiguration;
			buildSettings = {
				ALWAYS_SEARCH_USER_PATHS = NO;
				ARCHS = "$(ARCHS_STANDARD_64_BIT)";
				CLANG_CXX_LANGUAGE_STANDARD = "gnu++0x";
				CLANG_CXX_LIBRARY = "libc++";
				CLANG_WARN_CONSTANT_CONVERSION = YES;
				CLANG_WARN_EMPTY_BODY = YES;
				CLANG_WARN_ENUM_CONVERSION = YES;
				CLANG_WARN_INT_CONVERSION = YES;
				CLANG_WARN__DUPLICATE_METHOD_MATCH = YES;
				COPY_PHASE_STRIP = NO;
				GCC_C_LANGUAGE_STANDARD = gnu99;
				GCC_DYNAMIC_NO_PIC = NO;
				GCC_ENABLE_OBJC_EXCEPTIONS = YES;
				GCC_OPTIMIZATION_LEVEL = 0;
				GCC_PREPROCESSOR_DEFINITIONS = (
					"DEBUG=1",
					"$(inherited)",
				);
				GCC_SYMBOLS_PRIVATE_EXTERN = NO;
				GCC_WARN_64_TO_32_BIT_CONVERSION = YES;
				GCC_WARN_ABOUT_RETURN_TYPE = YES;
				GCC_WARN_UNINITIALIZED_AUTOS = YES;
				GCC_WARN_UNUSED_VARIABLE = YES;
				MACOSX_DEPLOYMENT_TARGET = 10.8;
				ONLY_ACTIVE_ARCH = YES;
				SDKROOT = macosx;
			};
			name = Debug;
		};
		ADC43A101715BC7F002296E7 /* Release */ = {
			isa = XCBuildConfiguration;
			buildSettings = {
				ALWAYS_SEARCH_USER_PATHS = NO;
				ARCHS = "$(ARCHS_STANDARD_64_BIT)";
				CLANG_CXX_LANGUAGE_STANDARD = "gnu++0x";
				CLANG_CXX_LIBRARY = "libc++";
				CLANG_WARN_CONSTANT_CONVERSION = YES;
				CLANG_WARN_EMPTY_BODY = YES;
				CLANG_WARN_ENUM_CONVERSION = YES;
				CLANG_WARN_INT_CONVERSION = YES;
				CLANG_WARN__DUPLICATE_METHOD_MATCH = YES;
				COPY_PHASE_STRIP = YES;
				DEBUG_INFORMATION_FORMAT = "dwarf-with-dsym";
				GCC_C_LANGUAGE_STANDARD = gnu99;
				GCC_ENABLE_OBJC_EXCEPTIONS = YES;
				GCC_WARN_64_TO_32_BIT_CONVERSION = YES;
				GCC_WARN_ABOUT_RETURN_TYPE = YES;
				GCC_WARN_UNINITIALIZED_AUTOS = YES;
				GCC_WARN_UNUSED_VARIABLE = YES;
				MACOSX_DEPLOYMENT_TARGET = 10.8;
				SDKROOT = macosx;
			};
			name = Release;
		};
		ADC43A121715BC7F002296E7 /* Debug */ = {
			isa = XCBuildConfiguration;
			buildSettings = {
				ALWAYS_SEARCH_USER_PATHS = YES;
				CLANG_CXX_LIBRARY = "compiler-default";
				GCC_VERSION = com.apple.compilers.llvm.clang.1_0;
				HEADER_SEARCH_PATHS = /usr/local/include;
				LD_RUNPATH_SEARCH_PATHS = "";
				LIBRARY_SEARCH_PATHS = "/usr/local/lib/**";
				PRODUCT_NAME = "$(TARGET_NAME)";
			};
			name = Debug;
		};
		ADC43A131715BC7F002296E7 /* Release */ = {
			isa = XCBuildConfiguration;
			buildSettings = {
				ALWAYS_SEARCH_USER_PATHS = YES;
				CLANG_CXX_LIBRARY = "compiler-default";
				GCC_VERSION = com.apple.compilers.llvm.clang.1_0;
				HEADER_SEARCH_PATHS = /usr/local/include;
				LD_RUNPATH_SEARCH_PATHS = "";
				LIBRARY_SEARCH_PATHS = "/usr/local/lib/**";
				PRODUCT_NAME = "$(TARGET_NAME)";
			};
			name = Release;
		};
/* End XCBuildConfiguration section */

/* Begin XCConfigurationList section */
		ADC43A031715BC7F002296E7 /* Build configuration list for PBXProject "testlibx" */ = {
			isa = XCConfigurationList;
			buildConfigurations = (
				ADC43A0F1715BC7F002296E7 /* Debug */,
				ADC43A101715BC7F002296E7 /* Release */,
			);
			defaultConfigurationIsVisible = 0;
			defaultConfigurationName = Release;
		};
		ADC43A111715BC7F002296E7 /* Build configuration list for PBXNativeTarget "testlibx" */ = {
			isa = XCConfigurationList;
			buildConfigurations = (
				ADC43A121715BC7F002296E7 /* Debug */,
				ADC43A131715BC7F002296E7 /* Release */,
			);
			defaultConfigurationIsVisible = 0;
			defaultConfigurationName = Release;
		};
/* End XCConfigurationList section */
	};
	rootObject = ADC43A001715BC7F002296E7 /* Project object */;
}
