// !$*UTF8*$!
{
	archiveVersion = 1;
	classes = {
	};
	objectVersion = 46;
	objects = {

/* Begin PBXBuildFile section */
		AD32AEEB1715F78500F7DE2A /* OpenGL.framework in Frameworks */ = {isa = PBXBuildFile; fileRef = AD32AEEA1715F78500F7DE2A /* OpenGL.framework */; };
		AD32AEED1715F78D00F7DE2A /* GLUT.framework in Frameworks */ = {isa = PBXBuildFile; fileRef = AD32AEEC1715F78D00F7DE2A /* GLUT.framework */; };
		AD740830172A490A005FEA97 /* raaOSGPrintVisitor.cpp in Sources */ = {isa = PBXBuildFile; fileRef = AD74082B172A48D4005FEA97 /* raaOSGPrintVisitor.cpp */; };
		AD740831172A490A005FEA97 /* raaOSGPrintVisitor.h in Sources */ = {isa = PBXBuildFile; fileRef = AD74082C172A48D4005FEA97 /* raaOSGPrintVisitor.h */; };
		AD740832172A490A005FEA97 /* raaOSGSimpleDemo.cpp in Sources */ = {isa = PBXBuildFile; fileRef = AD74082D172A48D4005FEA97 /* raaOSGSimpleDemo.cpp */; };
		AD740833172A490A005FEA97 /* raaOSGSimpleEventHandler.cpp in Sources */ = {isa = PBXBuildFile; fileRef = AD74082E172A48D4005FEA97 /* raaOSGSimpleEventHandler.cpp */; };
		AD740834172A490A005FEA97 /* raaOSGSimpleEventHandler.h in Sources */ = {isa = PBXBuildFile; fileRef = AD74082F172A48D4005FEA97 /* raaOSGSimpleEventHandler.h */; };
		ADC43A491715BCD3002296E7 /* libOpenThreads.2.6.0.dylib in Frameworks */ = {isa = PBXBuildFile; fileRef = ADC43A151715BCD3002296E7 /* libOpenThreads.2.6.0.dylib */; };
		ADC43A4A1715BCD3002296E7 /* libOpenThreads.12.dylib in Frameworks */ = {isa = PBXBuildFile; fileRef = ADC43A161715BCD3002296E7 /* libOpenThreads.12.dylib */; };
		ADC43A4B1715BCD3002296E7 /* libOpenThreads.dylib in Frameworks */ = {isa = PBXBuildFile; fileRef = ADC43A171715BCD3002296E7 /* libOpenThreads.dylib */; };
		ADC43A4C1715BCD3002296E7 /* libosg.3.1.2.dylib in Frameworks */ = {isa = PBXBuildFile; fileRef = ADC43A181715BCD3002296E7 /* libosg.3.1.2.dylib */; };
		ADC43A4D1715BCD3002296E7 /* libosg.92.dylib in Frameworks */ = {isa = PBXBuildFile; fileRef = ADC43A191715BCD3002296E7 /* libosg.92.dylib */; };
		ADC43A4E1715BCD3002296E7 /* libosg.dylib in Frameworks */ = {isa = PBXBuildFile; fileRef = ADC43A1A1715BCD3002296E7 /* libosg.dylib */; };
		ADC43A4F1715BCD3002296E7 /* libosgAnimation.3.1.2.dylib in Frameworks */ = {isa = PBXBuildFile; fileRef = ADC43A1B1715BCD3002296E7 /* libosgAnimation.3.1.2.dylib */; };
		ADC43A501715BCD3002296E7 /* libosgAnimation.92.dylib in Frameworks */ = {isa = PBXBuildFile; fileRef = ADC43A1C1715BCD3002296E7 /* libosgAnimation.92.dylib */; };
		ADC43A511715BCD3002296E7 /* libosgAnimation.dylib in Frameworks */ = {isa = PBXBuildFile; fileRef = ADC43A1D1715BCD3002296E7 /* libosgAnimation.dylib */; };
		ADC43A521715BCD3002296E7 /* libosgDB.3.1.2.dylib in Frameworks */ = {isa = PBXBuildFile; fileRef = ADC43A1E1715BCD3002296E7 /* libosgDB.3.1.2.dylib */; };
		ADC43A531715BCD3002296E7 /* libosgDB.92.dylib in Frameworks */ = {isa = PBXBuildFile; fileRef = ADC43A1F1715BCD3002296E7 /* libosgDB.92.dylib */; };
		ADC43A541715BCD3002296E7 /* libosgDB.dylib in Frameworks */ = {isa = PBXBuildFile; fileRef = ADC43A201715BCD3002296E7 /* libosgDB.dylib */; };
		ADC43A551715BCD3002296E7 /* libosgFX.3.1.2.dylib in Frameworks */ = {isa = PBXBuildFile; fileRef = ADC43A211715BCD3002296E7 /* libosgFX.3.1.2.dylib */; };
		ADC43A561715BCD3002296E7 /* libosgFX.92.dylib in Frameworks */ = {isa = PBXBuildFile; fileRef = ADC43A221715BCD3002296E7 /* libosgFX.92.dylib */; };
		ADC43A571715BCD3002296E7 /* libosgFX.dylib in Frameworks */ = {isa = PBXBuildFile; fileRef = ADC43A231715BCD3002296E7 /* libosgFX.dylib */; };
		ADC43A581715BCD3002296E7 /* libosgGA.3.1.2.dylib in Frameworks */ = {isa = PBXBuildFile; fileRef = ADC43A241715BCD3002296E7 /* libosgGA.3.1.2.dylib */; };
		ADC43A591715BCD3002296E7 /* libosgGA.92.dylib in Frameworks */ = {isa = PBXBuildFile; fileRef = ADC43A251715BCD3002296E7 /* libosgGA.92.dylib */; };
		ADC43A5A1715BCD3002296E7 /* libosgGA.dylib in Frameworks */ = {isa = PBXBuildFile; fileRef = ADC43A261715BCD3002296E7 /* libosgGA.dylib */; };
		ADC43A5B1715BCD3002296E7 /* libosgManipulator.3.1.2.dylib in Frameworks */ = {isa = PBXBuildFile; fileRef = ADC43A271715BCD3002296E7 /* libosgManipulator.3.1.2.dylib */; };
		ADC43A5C1715BCD3002296E7 /* libosgManipulator.92.dylib in Frameworks */ = {isa = PBXBuildFile; fileRef = ADC43A281715BCD3002296E7 /* libosgManipulator.92.dylib */; };
		ADC43A5D1715BCD3002296E7 /* libosgManipulator.dylib in Frameworks */ = {isa = PBXBuildFile; fileRef = ADC43A291715BCD3002296E7 /* libosgManipulator.dylib */; };
		ADC43A5E1715BCD3002296E7 /* libosgParticle.3.1.2.dylib in Frameworks */ = {isa = PBXBuildFile; fileRef = ADC43A2A1715BCD3002296E7 /* libosgParticle.3.1.2.dylib */; };
		ADC43A5F1715BCD3002296E7 /* libosgParticle.92.dylib in Frameworks */ = {isa = PBXBuildFile; fileRef = ADC43A2B1715BCD3002296E7 /* libosgParticle.92.dylib */; };
		ADC43A601715BCD3002296E7 /* libosgParticle.dylib in Frameworks */ = {isa = PBXBuildFile; fileRef = ADC43A2C1715BCD3002296E7 /* libosgParticle.dylib */; };
		ADC43A611715BCD3002296E7 /* libosgPresentation.3.1.2.dylib in Frameworks */ = {isa = PBXBuildFile; fileRef = ADC43A2D1715BCD3002296E7 /* libosgPresentation.3.1.2.dylib */; };
		ADC43A621715BCD3002296E7 /* libosgPresentation.92.dylib in Frameworks */ = {isa = PBXBuildFile; fileRef = ADC43A2E1715BCD3002296E7 /* libosgPresentation.92.dylib */; };
		ADC43A631715BCD3002296E7 /* libosgPresentation.dylib in Frameworks */ = {isa = PBXBuildFile; fileRef = ADC43A2F1715BCD3002296E7 /* libosgPresentation.dylib */; };
		ADC43A641715BCD3002296E7 /* libosgShadow.3.1.2.dylib in Frameworks */ = {isa = PBXBuildFile; fileRef = ADC43A301715BCD3002296E7 /* libosgShadow.3.1.2.dylib */; };
		ADC43A651715BCD3002296E7 /* libosgShadow.92.dylib in Frameworks */ = {isa = PBXBuildFile; fileRef = ADC43A311715BCD3002296E7 /* libosgShadow.92.dylib */; };
		ADC43A661715BCD3002296E7 /* libosgShadow.dylib in Frameworks */ = {isa = PBXBuildFile; fileRef = ADC43A321715BCD3002296E7 /* libosgShadow.dylib */; };
		ADC43A671715BCD3002296E7 /* libosgSim.3.1.2.dylib in Frameworks */ = {isa = PBXBuildFile; fileRef = ADC43A331715BCD3002296E7 /* libosgSim.3.1.2.dylib */; };
		ADC43A681715BCD3002296E7 /* libosgSim.92.dylib in Frameworks */ = {isa = PBXBuildFile; fileRef = ADC43A341715BCD3002296E7 /* libosgSim.92.dylib */; };
		ADC43A691715BCD3002296E7 /* libosgSim.dylib in Frameworks */ = {isa = PBXBuildFile; fileRef = ADC43A351715BCD3002296E7 /* libosgSim.dylib */; };
		ADC43A6A1715BCD3002296E7 /* libosgTerrain.3.1.2.dylib in Frameworks */ = {isa = PBXBuildFile; fileRef = ADC43A361715BCD3002296E7 /* libosgTerrain.3.1.2.dylib */; };
		ADC43A6B1715BCD3002296E7 /* libosgTerrain.92.dylib in Frameworks */ = {isa = PBXBuildFile; fileRef = ADC43A371715BCD3002296E7 /* libosgTerrain.92.dylib */; };
		ADC43A6C1715BCD3002296E7 /* libosgTerrain.dylib in Frameworks */ = {isa = PBXBuildFile; fileRef = ADC43A381715BCD3002296E7 /* libosgTerrain.dylib */; };
		ADC43A6D1715BCD3002296E7 /* libosgText.3.1.2.dylib in Frameworks */ = {isa = PBXBuildFile; fileRef = ADC43A391715BCD3002296E7 /* libosgText.3.1.2.dylib */; };
		ADC43A6E1715BCD3002296E7 /* libosgText.92.dylib in Frameworks */ = {isa = PBXBuildFile; fileRef = ADC43A3A1715BCD3002296E7 /* libosgText.92.dylib */; };
		ADC43A6F1715BCD3002296E7 /* libosgText.dylib in Frameworks */ = {isa = PBXBuildFile; fileRef = ADC43A3B1715BCD3002296E7 /* libosgText.dylib */; };
		ADC43A701715BCD3002296E7 /* libosgUtil.3.1.2.dylib in Frameworks */ = {isa = PBXBuildFile; fileRef = ADC43A3C1715BCD3002296E7 /* libosgUtil.3.1.2.dylib */; };
		ADC43A711715BCD3002296E7 /* libosgUtil.92.dylib in Frameworks */ = {isa = PBXBuildFile; fileRef = ADC43A3D1715BCD3002296E7 /* libosgUtil.92.dylib */; };
		ADC43A721715BCD3002296E7 /* libosgUtil.dylib in Frameworks */ = {isa = PBXBuildFile; fileRef = ADC43A3E1715BCD3002296E7 /* libosgUtil.dylib */; };
		ADC43A731715BCD3002296E7 /* libosgViewer.3.1.2.dylib in Frameworks */ = {isa = PBXBuildFile; fileRef = ADC43A3F1715BCD3002296E7 /* libosgViewer.3.1.2.dylib */; };
		ADC43A741715BCD3002296E7 /* libosgViewer.92.dylib in Frameworks */ = {isa = PBXBuildFile; fileRef = ADC43A401715BCD3002296E7 /* libosgViewer.92.dylib */; };
		ADC43A751715BCD3002296E7 /* libosgViewer.dylib in Frameworks */ = {isa = PBXBuildFile; fileRef = ADC43A411715BCD3002296E7 /* libosgViewer.dylib */; };
		ADC43A761715BCD3002296E7 /* libosgVolume.3.1.2.dylib in Frameworks */ = {isa = PBXBuildFile; fileRef = ADC43A421715BCD3002296E7 /* libosgVolume.3.1.2.dylib */; };
		ADC43A771715BCD3002296E7 /* libosgVolume.92.dylib in Frameworks */ = {isa = PBXBuildFile; fileRef = ADC43A431715BCD3002296E7 /* libosgVolume.92.dylib */; };
		ADC43A781715BCD3002296E7 /* libosgVolume.dylib in Frameworks */ = {isa = PBXBuildFile; fileRef = ADC43A441715BCD3002296E7 /* libosgVolume.dylib */; };
		ADC43A791715BCD3002296E7 /* libosgWidget.3.1.2.dylib in Frameworks */ = {isa = PBXBuildFile; fileRef = ADC43A451715BCD3002296E7 /* libosgWidget.3.1.2.dylib */; };
		ADC43A7A1715BCD3002296E7 /* libosgWidget.92.dylib in Frameworks */ = {isa = PBXBuildFile; fileRef = ADC43A461715BCD3002296E7 /* libosgWidget.92.dylib */; };
		ADC43A7B1715BCD3002296E7 /* libosgWidget.dylib in Frameworks */ = {isa = PBXBuildFile; fileRef = ADC43A471715BCD3002296E7 /* libosgWidget.dylib */; };
		ADC43ACB1715BE90002296E7 /* osgdb_3dc.so in Frameworks */ = {isa = PBXBuildFile; fileRef = ADC43A7C1715BE8F002296E7 /* osgdb_3dc.so */; };
		ADC43ACC1715BE90002296E7 /* osgdb_3ds.so in Frameworks */ = {isa = PBXBuildFile; fileRef = ADC43A7D1715BE8F002296E7 /* osgdb_3ds.so */; };
		ADC43ACD1715BE90002296E7 /* osgdb_ac.so in Frameworks */ = {isa = PBXBuildFile; fileRef = ADC43A7E1715BE8F002296E7 /* osgdb_ac.so */; };
		ADC43ACE1715BE90002296E7 /* osgdb_bmp.so in Frameworks */ = {isa = PBXBuildFile; fileRef = ADC43A7F1715BE8F002296E7 /* osgdb_bmp.so */; };
		ADC43ACF1715BE90002296E7 /* osgdb_bsp.so in Frameworks */ = {isa = PBXBuildFile; fileRef = ADC43A801715BE8F002296E7 /* osgdb_bsp.so */; };
		ADC43AD01715BE90002296E7 /* osgdb_bvh.so in Frameworks */ = {isa = PBXBuildFile; fileRef = ADC43A811715BE8F002296E7 /* osgdb_bvh.so */; };
		ADC43AD11715BE90002296E7 /* osgdb_cfg.so in Frameworks */ = {isa = PBXBuildFile; fileRef = ADC43A821715BE8F002296E7 /* osgdb_cfg.so */; };
		ADC43AD21715BE90002296E7 /* osgdb_curl.so in Frameworks */ = {isa = PBXBuildFile; fileRef = ADC43A831715BE8F002296E7 /* osgdb_curl.so */; };
		ADC43AD31715BE90002296E7 /* osgdb_dds.so in Frameworks */ = {isa = PBXBuildFile; fileRef = ADC43A841715BE8F002296E7 /* osgdb_dds.so */; };
		ADC43AD41715BE90002296E7 /* osgdb_deprecated_osg.so in Frameworks */ = {isa = PBXBuildFile; fileRef = ADC43A851715BE8F002296E7 /* osgdb_deprecated_osg.so */; };
		ADC43AD51715BE90002296E7 /* osgdb_deprecated_osganimation.so in Frameworks */ = {isa = PBXBuildFile; fileRef = ADC43A861715BE8F002296E7 /* osgdb_deprecated_osganimation.so */; };
		ADC43AD61715BE90002296E7 /* osgdb_deprecated_osgfx.so in Frameworks */ = {isa = PBXBuildFile; fileRef = ADC43A871715BE8F002296E7 /* osgdb_deprecated_osgfx.so */; };
		ADC43AD71715BE90002296E7 /* osgdb_deprecated_osgparticle.so in Frameworks */ = {isa = PBXBuildFile; fileRef = ADC43A881715BE8F002296E7 /* osgdb_deprecated_osgparticle.so */; };
		ADC43AD81715BE90002296E7 /* osgdb_deprecated_osgshadow.so in Frameworks */ = {isa = PBXBuildFile; fileRef = ADC43A891715BE8F002296E7 /* osgdb_deprecated_osgshadow.so */; };
		ADC43AD91715BE90002296E7 /* osgdb_deprecated_osgsim.so in Frameworks */ = {isa = PBXBuildFile; fileRef = ADC43A8A1715BE8F002296E7 /* osgdb_deprecated_osgsim.so */; };
		ADC43ADA1715BE90002296E7 /* osgdb_deprecated_osgterrain.so in Frameworks */ = {isa = PBXBuildFile; fileRef = ADC43A8B1715BE8F002296E7 /* osgdb_deprecated_osgterrain.so */; };
		ADC43ADB1715BE90002296E7 /* osgdb_deprecated_osgtext.so in Frameworks */ = {isa = PBXBuildFile; fileRef = ADC43A8C1715BE8F002296E7 /* osgdb_deprecated_osgtext.so */; };
		ADC43ADC1715BE90002296E7 /* osgdb_deprecated_osgviewer.so in Frameworks */ = {isa = PBXBuildFile; fileRef = ADC43A8D1715BE8F002296E7 /* osgdb_deprecated_osgviewer.so */; };
		ADC43ADD1715BE90002296E7 /* osgdb_deprecated_osgvolume.so in Frameworks */ = {isa = PBXBuildFile; fileRef = ADC43A8E1715BE8F002296E7 /* osgdb_deprecated_osgvolume.so */; };
		ADC43ADE1715BE90002296E7 /* osgdb_deprecated_osgwidget.so in Frameworks */ = {isa = PBXBuildFile; fileRef = ADC43A8F1715BE8F002296E7 /* osgdb_deprecated_osgwidget.so */; };
		ADC43ADF1715BE90002296E7 /* osgdb_dicom.so in Frameworks */ = {isa = PBXBuildFile; fileRef = ADC43A901715BE8F002296E7 /* osgdb_dicom.so */; };
		ADC43AE01715BE90002296E7 /* osgdb_dot.so in Frameworks */ = {isa = PBXBuildFile; fileRef = ADC43A911715BE8F002296E7 /* osgdb_dot.so */; };
		ADC43AE11715BE90002296E7 /* osgdb_dw.so in Frameworks */ = {isa = PBXBuildFile; fileRef = ADC43A921715BE8F002296E7 /* osgdb_dw.so */; };
		ADC43AE21715BE90002296E7 /* osgdb_dxf.so in Frameworks */ = {isa = PBXBuildFile; fileRef = ADC43A931715BE8F002296E7 /* osgdb_dxf.so */; };
		ADC43AE31715BE90002296E7 /* osgdb_exr.so in Frameworks */ = {isa = PBXBuildFile; fileRef = ADC43A941715BE8F002296E7 /* osgdb_exr.so */; };
		ADC43AE41715BE90002296E7 /* osgdb_freetype.so in Frameworks */ = {isa = PBXBuildFile; fileRef = ADC43A951715BE8F002296E7 /* osgdb_freetype.so */; };
		ADC43AE51715BE90002296E7 /* osgdb_gdal.so in Frameworks */ = {isa = PBXBuildFile; fileRef = ADC43A961715BE8F002296E7 /* osgdb_gdal.so */; };
		ADC43AE61715BE90002296E7 /* osgdb_geo.so in Frameworks */ = {isa = PBXBuildFile; fileRef = ADC43A971715BE8F002296E7 /* osgdb_geo.so */; };
		ADC43AE71715BE90002296E7 /* osgdb_glsl.so in Frameworks */ = {isa = PBXBuildFile; fileRef = ADC43A981715BE8F002296E7 /* osgdb_glsl.so */; };
		ADC43AE81715BE90002296E7 /* osgdb_gz.so in Frameworks */ = {isa = PBXBuildFile; fileRef = ADC43A991715BE8F002296E7 /* osgdb_gz.so */; };
		ADC43AE91715BE90002296E7 /* osgdb_hdr.so in Frameworks */ = {isa = PBXBuildFile; fileRef = ADC43A9A1715BE8F002296E7 /* osgdb_hdr.so */; };
		ADC43AEA1715BE90002296E7 /* osgdb_imageio.so in Frameworks */ = {isa = PBXBuildFile; fileRef = ADC43A9B1715BE8F002296E7 /* osgdb_imageio.so */; };
		ADC43AEB1715BE90002296E7 /* osgdb_ive.so in Frameworks */ = {isa = PBXBuildFile; fileRef = ADC43A9C1715BE8F002296E7 /* osgdb_ive.so */; };
		ADC43AEC1715BE90002296E7 /* osgdb_jp2.so in Frameworks */ = {isa = PBXBuildFile; fileRef = ADC43A9D1715BE8F002296E7 /* osgdb_jp2.so */; };
		ADC43AED1715BE90002296E7 /* osgdb_logo.so in Frameworks */ = {isa = PBXBuildFile; fileRef = ADC43A9E1715BE8F002296E7 /* osgdb_logo.so */; };
		ADC43AEE1715BE90002296E7 /* osgdb_lwo.so in Frameworks */ = {isa = PBXBuildFile; fileRef = ADC43A9F1715BE8F002296E7 /* osgdb_lwo.so */; };
		ADC43AEF1715BE90002296E7 /* osgdb_lws.so in Frameworks */ = {isa = PBXBuildFile; fileRef = ADC43AA01715BE8F002296E7 /* osgdb_lws.so */; };
		ADC43AF01715BE90002296E7 /* osgdb_md2.so in Frameworks */ = {isa = PBXBuildFile; fileRef = ADC43AA11715BE8F002296E7 /* osgdb_md2.so */; };
		ADC43AF11715BE90002296E7 /* osgdb_mdl.so in Frameworks */ = {isa = PBXBuildFile; fileRef = ADC43AA21715BE8F002296E7 /* osgdb_mdl.so */; };
		ADC43AF21715BE90002296E7 /* osgdb_normals.so in Frameworks */ = {isa = PBXBuildFile; fileRef = ADC43AA31715BE8F002296E7 /* osgdb_normals.so */; };
		ADC43AF31715BE90002296E7 /* osgdb_obj.so in Frameworks */ = {isa = PBXBuildFile; fileRef = ADC43AA41715BE8F002296E7 /* osgdb_obj.so */; };
		ADC43AF41715BE90002296E7 /* osgdb_ogr.so in Frameworks */ = {isa = PBXBuildFile; fileRef = ADC43AA51715BE8F002296E7 /* osgdb_ogr.so */; };
		ADC43AF51715BE90002296E7 /* osgdb_openflight.so in Frameworks */ = {isa = PBXBuildFile; fileRef = ADC43AA61715BE8F002296E7 /* osgdb_openflight.so */; };
		ADC43AF61715BE90002296E7 /* osgdb_osg.so in Frameworks */ = {isa = PBXBuildFile; fileRef = ADC43AA71715BE8F002296E7 /* osgdb_osg.so */; };
		ADC43AF71715BE90002296E7 /* osgdb_osga.so in Frameworks */ = {isa = PBXBuildFile; fileRef = ADC43AA81715BE8F002296E7 /* osgdb_osga.so */; };
		ADC43AF81715BE90002296E7 /* osgdb_osgshadow.so in Frameworks */ = {isa = PBXBuildFile; fileRef = ADC43AA91715BE8F002296E7 /* osgdb_osgshadow.so */; };
		ADC43AF91715BE90002296E7 /* osgdb_osgterrain.so in Frameworks */ = {isa = PBXBuildFile; fileRef = ADC43AAA1715BE8F002296E7 /* osgdb_osgterrain.so */; };
		ADC43AFA1715BE90002296E7 /* osgdb_osgtgz.so in Frameworks */ = {isa = PBXBuildFile; fileRef = ADC43AAB1715BE8F002296E7 /* osgdb_osgtgz.so */; };
		ADC43AFB1715BE90002296E7 /* osgdb_osgviewer.so in Frameworks */ = {isa = PBXBuildFile; fileRef = ADC43AAC1715BE8F002296E7 /* osgdb_osgviewer.so */; };
		ADC43AFC1715BE90002296E7 /* osgdb_p3d.so in Frameworks */ = {isa = PBXBuildFile; fileRef = ADC43AAD1715BE8F002296E7 /* osgdb_p3d.so */; };
		ADC43AFD1715BE90002296E7 /* osgdb_pic.so in Frameworks */ = {isa = PBXBuildFile; fileRef = ADC43AAE1715BE8F002296E7 /* osgdb_pic.so */; };
		ADC43AFE1715BE90002296E7 /* osgdb_ply.so in Frameworks */ = {isa = PBXBuildFile; fileRef = ADC43AAF1715BE8F002296E7 /* osgdb_ply.so */; };
		ADC43AFF1715BE90002296E7 /* osgdb_pnm.so in Frameworks */ = {isa = PBXBuildFile; fileRef = ADC43AB01715BE8F002296E7 /* osgdb_pnm.so */; };
		ADC43B001715BE90002296E7 /* osgdb_pov.so in Frameworks */ = {isa = PBXBuildFile; fileRef = ADC43AB11715BE8F002296E7 /* osgdb_pov.so */; };
		ADC43B011715BE90002296E7 /* osgdb_pvr.so in Frameworks */ = {isa = PBXBuildFile; fileRef = ADC43AB21715BE8F002296E7 /* osgdb_pvr.so */; };
		ADC43B021715BE90002296E7 /* osgdb_revisions.so in Frameworks */ = {isa = PBXBuildFile; fileRef = ADC43AB31715BE8F002296E7 /* osgdb_revisions.so */; };
		ADC43B031715BE90002296E7 /* osgdb_rgb.so in Frameworks */ = {isa = PBXBuildFile; fileRef = ADC43AB41715BE8F002296E7 /* osgdb_rgb.so */; };
		ADC43B041715BE90002296E7 /* osgdb_rot.so in Frameworks */ = {isa = PBXBuildFile; fileRef = ADC43AB51715BE8F002296E7 /* osgdb_rot.so */; };
		ADC43B051715BE90002296E7 /* osgdb_scale.so in Frameworks */ = {isa = PBXBuildFile; fileRef = ADC43AB61715BE8F002296E7 /* osgdb_scale.so */; };
		ADC43B061715BE90002296E7 /* osgdb_serializers_osg.so in Frameworks */ = {isa = PBXBuildFile; fileRef = ADC43AB71715BE8F002296E7 /* osgdb_serializers_osg.so */; };
		ADC43B071715BE90002296E7 /* osgdb_serializers_osganimation.so in Frameworks */ = {isa = PBXBuildFile; fileRef = ADC43AB81715BE8F002296E7 /* osgdb_serializers_osganimation.so */; };
		ADC43B081715BE90002296E7 /* osgdb_serializers_osgfx.so in Frameworks */ = {isa = PBXBuildFile; fileRef = ADC43AB91715BE90002296E7 /* osgdb_serializers_osgfx.so */; };
		ADC43B091715BE90002296E7 /* osgdb_serializers_osgmanipulator.so in Frameworks */ = {isa = PBXBuildFile; fileRef = ADC43ABA1715BE90002296E7 /* osgdb_serializers_osgmanipulator.so */; };
		ADC43B0A1715BE90002296E7 /* osgdb_serializers_osgparticle.so in Frameworks */ = {isa = PBXBuildFile; fileRef = ADC43ABB1715BE90002296E7 /* osgdb_serializers_osgparticle.so */; };
		ADC43B0B1715BE90002296E7 /* osgdb_serializers_osgshadow.so in Frameworks */ = {isa = PBXBuildFile; fileRef = ADC43ABC1715BE90002296E7 /* osgdb_serializers_osgshadow.so */; };
		ADC43B0C1715BE90002296E7 /* osgdb_serializers_osgsim.so in Frameworks */ = {isa = PBXBuildFile; fileRef = ADC43ABD1715BE90002296E7 /* osgdb_serializers_osgsim.so */; };
		ADC43B0D1715BE90002296E7 /* osgdb_serializers_osgterrain.so in Frameworks */ = {isa = PBXBuildFile; fileRef = ADC43ABE1715BE90002296E7 /* osgdb_serializers_osgterrain.so */; };
		ADC43B0E1715BE90002296E7 /* osgdb_serializers_osgtext.so in Frameworks */ = {isa = PBXBuildFile; fileRef = ADC43ABF1715BE90002296E7 /* osgdb_serializers_osgtext.so */; };
		ADC43B0F1715BE90002296E7 /* osgdb_serializers_osgvolume.so in Frameworks */ = {isa = PBXBuildFile; fileRef = ADC43AC01715BE90002296E7 /* osgdb_serializers_osgvolume.so */; };
		ADC43B101715BE90002296E7 /* osgdb_shp.so in Frameworks */ = {isa = PBXBuildFile; fileRef = ADC43AC11715BE90002296E7 /* osgdb_shp.so */; };
		ADC43B111715BE90002296E7 /* osgdb_stl.so in Frameworks */ = {isa = PBXBuildFile; fileRef = ADC43AC21715BE90002296E7 /* osgdb_stl.so */; };
		ADC43B121715BE90002296E7 /* osgdb_tga.so in Frameworks */ = {isa = PBXBuildFile; fileRef = ADC43AC31715BE90002296E7 /* osgdb_tga.so */; };
		ADC43B131715BE90002296E7 /* osgdb_tgz.so in Frameworks */ = {isa = PBXBuildFile; fileRef = ADC43AC41715BE90002296E7 /* osgdb_tgz.so */; };
		ADC43B141715BE90002296E7 /* osgdb_trans.so in Frameworks */ = {isa = PBXBuildFile; fileRef = ADC43AC51715BE90002296E7 /* osgdb_trans.so */; };
		ADC43B151715BE90002296E7 /* osgdb_txf.so in Frameworks */ = {isa = PBXBuildFile; fileRef = ADC43AC61715BE90002296E7 /* osgdb_txf.so */; };
		ADC43B161715BE90002296E7 /* osgdb_txp.so in Frameworks */ = {isa = PBXBuildFile; fileRef = ADC43AC71715BE90002296E7 /* osgdb_txp.so */; };
		ADC43B171715BE90002296E7 /* osgdb_vtf.so in Frameworks */ = {isa = PBXBuildFile; fileRef = ADC43AC81715BE90002296E7 /* osgdb_vtf.so */; };
		ADC43B181715BE90002296E7 /* osgdb_x.so in Frameworks */ = {isa = PBXBuildFile; fileRef = ADC43AC91715BE90002296E7 /* osgdb_x.so */; };
		ADC43B191715BE90002296E7 /* osgdb_zip.so in Frameworks */ = {isa = PBXBuildFile; fileRef = ADC43ACA1715BE90002296E7 /* osgdb_zip.so */; };
/* End PBXBuildFile section */

/* Begin PBXCopyFilesBuildPhase section */
		ADC43A061715BC7F002296E7 /* CopyFiles */ = {
			isa = PBXCopyFilesBuildPhase;
			buildActionMask = 2147483647;
			dstPath = /usr/share/man/man1/;
			dstSubfolderSpec = 0;
			files = (
			);
			runOnlyForDeploymentPostprocessing = 1;
		};
/* End PBXCopyFilesBuildPhase section */

/* Begin PBXFileReference section */
		AD32AEEA1715F78500F7DE2A /* OpenGL.framework */ = {isa = PBXFileReference; lastKnownFileType = wrapper.framework; name = OpenGL.framework; path = System/Library/Frameworks/OpenGL.framework; sourceTree = SDKROOT; };
		AD32AEEC1715F78D00F7DE2A /* GLUT.framework */ = {isa = PBXFileReference; lastKnownFileType = wrapper.framework; name = GLUT.framework; path = System/Library/Frameworks/GLUT.framework; sourceTree = SDKROOT; };
		AD74082B172A48D4005FEA97 /* raaOSGPrintVisitor.cpp */ = {isa = PBXFileReference; lastKnownFileType = sourcecode.cpp.cpp; name = raaOSGPrintVisitor.cpp; path = testlibx/raaOSGPrintVisitor.cpp; sourceTree = "<group>"; };
		AD74082C172A48D4005FEA97 /* raaOSGPrintVisitor.h */ = {isa = PBXFileReference; lastKnownFileType = sourcecode.c.h; name = raaOSGPrintVisitor.h; path = testlibx/raaOSGPrintVisitor.h; sourceTree = "<group>"; };
		AD74082D172A48D4005FEA97 /* raaOSGSimpleDemo.cpp */ = {isa = PBXFileReference; lastKnownFileType = sourcecode.cpp.cpp; name = raaOSGSimpleDemo.cpp; path = testlibx/raaOSGSimpleDemo.cpp; sourceTree = "<group>"; };
		AD74082E172A48D4005FEA97 /* raaOSGSimpleEventHandler.cpp */ = {isa = PBXFileReference; lastKnownFileType = sourcecode.cpp.cpp; name = raaOSGSimpleEventHandler.cpp; path = testlibx/raaOSGSimpleEventHandler.cpp; sourceTree = "<group>"; };
		AD74082F172A48D4005FEA97 /* raaOSGSimpleEventHandler.h */ = {isa = PBXFileReference; lastKnownFileType = sourcecode.c.h; name = raaOSGSimpleEventHandler.h; path = testlibx/raaOSGSimpleEventHandler.h; sourceTree = "<group>"; };
		ADC43A081715BC7F002296E7 /* testlibx */ = {isa = PBXFileReference; explicitFileType = "compiled.mach-o.executable"; includeInIndex = 0; path = testlibx; sourceTree = BUILT_PRODUCTS_DIR; };
		ADC43A151715BCD3002296E7 /* libOpenThreads.2.6.0.dylib */ = {isa = PBXFileReference; lastKnownFileType = "compiled.mach-o.dylib"; name = libOpenThreads.2.6.0.dylib; path = /usr/local/lib/libOpenThreads.2.6.0.dylib; sourceTree = "<absolute>"; };
		ADC43A161715BCD3002296E7 /* libOpenThreads.12.dylib */ = {isa = PBXFileReference; lastKnownFileType = "compiled.mach-o.dylib"; name = libOpenThreads.12.dylib; path = /usr/local/lib/libOpenThreads.12.dylib; sourceTree = "<absolute>"; };
		ADC43A171715BCD3002296E7 /* libOpenThreads.dylib */ = {isa = PBXFileReference; lastKnownFileType = "compiled.mach-o.dylib"; name = libOpenThreads.dylib; path = /usr/local/lib/libOpenThreads.dylib; sourceTree = "<absolute>"; };
		ADC43A181715BCD3002296E7 /* libosg.3.1.2.dylib */ = {isa = PBXFileReference; lastKnownFileType = "compiled.mach-o.dylib"; name = libosg.3.1.2.dylib; path = /usr/local/lib/libosg.3.1.2.dylib; sourceTree = "<absolute>"; };
		ADC43A191715BCD3002296E7 /* libosg.92.dylib */ = {isa = PBXFileReference; lastKnownFileType = "compiled.mach-o.dylib"; name = libosg.92.dylib; path = /usr/local/lib/libosg.92.dylib; sourceTree = "<absolute>"; };
		ADC43A1A1715BCD3002296E7 /* libosg.dylib */ = {isa = PBXFileReference; lastKnownFileType = "compiled.mach-o.dylib"; name = libosg.dylib; path = /usr/local/lib/libosg.dylib; sourceTree = "<absolute>"; };
		ADC43A1B1715BCD3002296E7 /* libosgAnimation.3.1.2.dylib */ = {isa = PBXFileReference; lastKnownFileType = "compiled.mach-o.dylib"; name = libosgAnimation.3.1.2.dylib; path = /usr/local/lib/libosgAnimation.3.1.2.dylib; sourceTree = "<absolute>"; };
		ADC43A1C1715BCD3002296E7 /* libosgAnimation.92.dylib */ = {isa = PBXFileReference; lastKnownFileType = "compiled.mach-o.dylib"; name = libosgAnimation.92.dylib; path = /usr/local/lib/libosgAnimation.92.dylib; sourceTree = "<absolute>"; };
		ADC43A1D1715BCD3002296E7 /* libosgAnimation.dylib */ = {isa = PBXFileReference; lastKnownFileType = "compiled.mach-o.dylib"; name = libosgAnimation.dylib; path = /usr/local/lib/libosgAnimation.dylib; sourceTree = "<absolute>"; };
		ADC43A1E1715BCD3002296E7 /* libosgDB.3.1.2.dylib */ = {isa = PBXFileReference; lastKnownFileType = "compiled.mach-o.dylib"; name = libosgDB.3.1.2.dylib; path = /usr/local/lib/libosgDB.3.1.2.dylib; sourceTree = "<absolute>"; };
		ADC43A1F1715BCD3002296E7 /* libosgDB.92.dylib */ = {isa = PBXFileReference; lastKnownFileType = "compiled.mach-o.dylib"; name = libosgDB.92.dylib; path = /usr/local/lib/libosgDB.92.dylib; sourceTree = "<absolute>"; };
		ADC43A201715BCD3002296E7 /* libosgDB.dylib */ = {isa = PBXFileReference; lastKnownFileType = "compiled.mach-o.dylib"; name = libosgDB.dylib; path = /usr/local/lib/libosgDB.dylib; sourceTree = "<absolute>"; };
		ADC43A211715BCD3002296E7 /* libosgFX.3.1.2.dylib */ = {isa = PBXFileReference; lastKnownFileType = "compiled.mach-o.dylib"; name = libosgFX.3.1.2.dylib; path = /usr/local/lib/libosgFX.3.1.2.dylib; sourceTree = "<absolute>"; };
		ADC43A221715BCD3002296E7 /* libosgFX.92.dylib */ = {isa = PBXFileReference; lastKnownFileType = "compiled.mach-o.dylib"; name = libosgFX.92.dylib; path = /usr/local/lib/libosgFX.92.dylib; sourceTree = "<absolute>"; };
		ADC43A231715BCD3002296E7 /* libosgFX.dylib */ = {isa = PBXFileReference; lastKnownFileType = "compiled.mach-o.dylib"; name = libosgFX.dylib; path = /usr/local/lib/libosgFX.dylib; sourceTree = "<absolute>"; };
		ADC43A241715BCD3002296E7 /* libosgGA.3.1.2.dylib */ = {isa = PBXFileReference; lastKnownFileType = "compiled.mach-o.dylib"; name = libosgGA.3.1.2.dylib; path = /usr/local/lib/libosgGA.3.1.2.dylib; sourceTree = "<absolute>"; };
		ADC43A251715BCD3002296E7 /* libosgGA.92.dylib */ = {isa = PBXFileReference; lastKnownFileType = "compiled.mach-o.dylib"; name = libosgGA.92.dylib; path = /usr/local/lib/libosgGA.92.dylib; sourceTree = "<absolute>"; };
		ADC43A261715BCD3002296E7 /* libosgGA.dylib */ = {isa = PBXFileReference; lastKnownFileType = "compiled.mach-o.dylib"; name = libosgGA.dylib; path = /usr/local/lib/libosgGA.dylib; sourceTree = "<absolute>"; };
		ADC43A271715BCD3002296E7 /* libosgManipulator.3.1.2.dylib */ = {isa = PBXFileReference; lastKnownFileType = "compiled.mach-o.dylib"; name = libosgManipulator.3.1.2.dylib; path = /usr/local/lib/libosgManipulator.3.1.2.dylib; sourceTree = "<absolute>"; };
		ADC43A281715BCD3002296E7 /* libosgManipulator.92.dylib */ = {isa = PBXFileReference; lastKnownFileType = "compiled.mach-o.dylib"; name = libosgManipulator.92.dylib; path = /usr/local/lib/libosgManipulator.92.dylib; sourceTree = "<absolute>"; };
		ADC43A291715BCD3002296E7 /* libosgManipulator.dylib */ = {isa = PBXFileReference; lastKnownFileType = "compiled.mach-o.dylib"; name = libosgManipulator.dylib; path = /usr/local/lib/libosgManipulator.dylib; sourceTree = "<absolute>"; };
		ADC43A2A1715BCD3002296E7 /* libosgParticle.3.1.2.dylib */ = {isa = PBXFileReference; lastKnownFileType = "compiled.mach-o.dylib"; name = libosgParticle.3.1.2.dylib; path = /usr/local/lib/libosgParticle.3.1.2.dylib; sourceTree = "<absolute>"; };
		ADC43A2B1715BCD3002296E7 /* libosgParticle.92.dylib */ = {isa = PBXFileReference; lastKnownFileType = "compiled.mach-o.dylib"; name = libosgParticle.92.dylib; path = /usr/local/lib/libosgParticle.92.dylib; sourceTree = "<absolute>"; };
		ADC43A2C1715BCD3002296E7 /* libosgParticle.dylib */ = {isa = PBXFileReference; lastKnownFileType = "compiled.mach-o.dylib"; name = libosgParticle.dylib; path = /usr/local/lib/libosgParticle.dylib; sourceTree = "<absolute>"; };
		ADC43A2D1715BCD3002296E7 /* libosgPresentation.3.1.2.dylib */ = {isa = PBXFileReference; lastKnownFileType = "compiled.mach-o.dylib"; name = libosgPresentation.3.1.2.dylib; path = /usr/local/lib/libosgPresentation.3.1.2.dylib; sourceTree = "<absolute>"; };
		ADC43A2E1715BCD3002296E7 /* libosgPresentation.92.dylib */ = {isa = PBXFileReference; lastKnownFileType = "compiled.mach-o.dylib"; name = libosgPresentation.92.dylib; path = /usr/local/lib/libosgPresentation.92.dylib; sourceTree = "<absolute>"; };
		ADC43A2F1715BCD3002296E7 /* libosgPresentation.dylib */ = {isa = PBXFileReference; lastKnownFileType = "compiled.mach-o.dylib"; name = libosgPresentation.dylib; path = /usr/local/lib/libosgPresentation.dylib; sourceTree = "<absolute>"; };
		ADC43A301715BCD3002296E7 /* libosgShadow.3.1.2.dylib */ = {isa = PBXFileReference; lastKnownFileType = "compiled.mach-o.dylib"; name = libosgShadow.3.1.2.dylib; path = /usr/local/lib/libosgShadow.3.1.2.dylib; sourceTree = "<absolute>"; };
		ADC43A311715BCD3002296E7 /* libosgShadow.92.dylib */ = {isa = PBXFileReference; lastKnownFileType = "compiled.mach-o.dylib"; name = libosgShadow.92.dylib; path = /usr/local/lib/libosgShadow.92.dylib; sourceTree = "<absolute>"; };
		ADC43A321715BCD3002296E7 /* libosgShadow.dylib */ = {isa = PBXFileReference; lastKnownFileType = "compiled.mach-o.dylib"; name = libosgShadow.dylib; path = /usr/local/lib/libosgShadow.dylib; sourceTree = "<absolute>"; };
		ADC43A331715BCD3002296E7 /* libosgSim.3.1.2.dylib */ = {isa = PBXFileReference; lastKnownFileType = "compiled.mach-o.dylib"; name = libosgSim.3.1.2.dylib; path = /usr/local/lib/libosgSim.3.1.2.dylib; sourceTree = "<absolute>"; };
		ADC43A341715BCD3002296E7 /* libosgSim.92.dylib */ = {isa = PBXFileReference; lastKnownFileType = "compiled.mach-o.dylib"; name = libosgSim.92.dylib; path = /usr/local/lib/libosgSim.92.dylib; sourceTree = "<absolute>"; };
		ADC43A351715BCD3002296E7 /* libosgSim.dylib */ = {isa = PBXFileReference; lastKnownFileType = "compiled.mach-o.dylib"; name = libosgSim.dylib; path = /usr/local/lib/libosgSim.dylib; sourceTree = "<absolute>"; };
		ADC43A361715BCD3002296E7 /* libosgTerrain.3.1.2.dylib */ = {isa = PBXFileReference; lastKnownFileType = "compiled.mach-o.dylib"; name = libosgTerrain.3.1.2.dylib; path = /usr/local/lib/libosgTerrain.3.1.2.dylib; sourceTree = "<absolute>"; };
		ADC43A371715BCD3002296E7 /* libosgTerrain.92.dylib */ = {isa = PBXFileReference; lastKnownFileType = "compiled.mach-o.dylib"; name = libosgTerrain.92.dylib; path = /usr/local/lib/libosgTerrain.92.dylib; sourceTree = "<absolute>"; };
		ADC43A381715BCD3002296E7 /* libosgTerrain.dylib */ = {isa = PBXFileReference; lastKnownFileType = "compiled.mach-o.dylib"; name = libosgTerrain.dylib; path = /usr/local/lib/libosgTerrain.dylib; sourceTree = "<absolute>"; };
		ADC43A391715BCD3002296E7 /* libosgText.3.1.2.dylib */ = {isa = PBXFileReference; lastKnownFileType = "compiled.mach-o.dylib"; name = libosgText.3.1.2.dylib; path = /usr/local/lib/libosgText.3.1.2.dylib; sourceTree = "<absolute>"; };
		ADC43A3A1715BCD3002296E7 /* libosgText.92.dylib */ = {isa = PBXFileReference; lastKnownFileType = "compiled.mach-o.dylib"; name = libosgText.92.dylib; path = /usr/local/lib/libosgText.92.dylib; sourceTree = "<absolute>"; };
		ADC43A3B1715BCD3002296E7 /* libosgText.dylib */ = {isa = PBXFileReference; lastKnownFileType = "compiled.mach-o.dylib"; name = libosgText.dylib; path = /usr/local/lib/libosgText.dylib; sourceTree = "<absolute>"; };
		ADC43A3C1715BCD3002296E7 /* libosgUtil.3.1.2.dylib */ = {isa = PBXFileReference; lastKnownFileType = "compiled.mach-o.dylib"; name = libosgUtil.3.1.2.dylib; path = /usr/local/lib/libosgUtil.3.1.2.dylib; sourceTree = "<absolute>"; };
		ADC43A3D1715BCD3002296E7 /* libosgUtil.92.dylib */ = {isa = PBXFileReference; lastKnownFileType = "compiled.mach-o.dylib"; name = libosgUtil.92.dylib; path = /usr/local/lib/libosgUtil.92.dylib; sourceTree = "<absolute>"; };
		ADC43A3E1715BCD3002296E7 /* libosgUtil.dylib */ = {isa = PBXFileReference; lastKnownFileType = "compiled.mach-o.dylib"; name = libosgUtil.dylib; path = /usr/local/lib/libosgUtil.dylib; sourceTree = "<absolute>"; };
		ADC43A3F1715BCD3002296E7 /* libosgViewer.3.1.2.dylib */ = {isa = PBXFileReference; lastKnownFileType = "compiled.mach-o.dylib"; name = libosgViewer.3.1.2.dylib; path = /usr/local/lib/libosgViewer.3.1.2.dylib; sourceTree = "<absolute>"; };
		ADC43A401715BCD3002296E7 /* libosgViewer.92.dylib */ = {isa = PBXFileReference; lastKnownFileType = "compiled.mach-o.dylib"; name = libosgViewer.92.dylib; path = /usr/local/lib/libosgViewer.92.dylib; sourceTree = "<absolute>"; };
		ADC43A411715BCD3002296E7 /* libosgViewer.dylib */ = {isa = PBXFileReference; lastKnownFileType = "compiled.mach-o.dylib"; name = libosgViewer.dylib; path = /usr/local/lib/libosgViewer.dylib; sourceTree = "<absolute>"; };
		ADC43A421715BCD3002296E7 /* libosgVolume.3.1.2.dylib */ = {isa = PBXFileReference; lastKnownFileType = "compiled.mach-o.dylib"; name = libosgVolume.3.1.2.dylib; path = /usr/local/lib/libosgVolume.3.1.2.dylib; sourceTree = "<absolute>"; };
		ADC43A431715BCD3002296E7 /* libosgVolume.92.dylib */ = {isa = PBXFileReference; lastKnownFileType = "compiled.mach-o.dylib"; name = libosgVolume.92.dylib; path = /usr/local/lib/libosgVolume.92.dylib; sourceTree = "<absolute>"; };
		ADC43A441715BCD3002296E7 /* libosgVolume.dylib */ = {isa = PBXFileReference; lastKnownFileType = "compiled.mach-o.dylib"; name = libosgVolume.dylib; path = /usr/local/lib/libosgVolume.dylib; sourceTree = "<absolute>"; };
		ADC43A451715BCD3002296E7 /* libosgWidget.3.1.2.dylib */ = {isa = PBXFileReference; lastKnownFileType = "compiled.mach-o.dylib"; name = libosgWidget.3.1.2.dylib; path = /usr/local/lib/libosgWidget.3.1.2.dylib; sourceTree = "<absolute>"; };
		ADC43A461715BCD3002296E7 /* libosgWidget.92.dylib */ = {isa = PBXFileReference; lastKnownFileType = "compiled.mach-o.dylib"; name = libosgWidget.92.dylib; path = /usr/local/lib/libosgWidget.92.dylib; sourceTree = "<absolute>"; };
		ADC43A471715BCD3002296E7 /* libosgWidget.dylib */ = {isa = PBXFileReference; lastKnownFileType = "compiled.mach-o.dylib"; name = libosgWidget.dylib; path = /usr/local/lib/libosgWidget.dylib; sourceTree = "<absolute>"; };
		ADC43A7C1715BE8F002296E7 /* osgdb_3dc.so */ = {isa = PBXFileReference; lastKnownFileType = "compiled.mach-o.bundle"; name = osgdb_3dc.so; path = "/usr/local/Cellar/open-scene-graph/3.1.2/lib/osgPlugins-3.1.2/osgdb_3dc.so"; sourceTree = "<absolute>"; };
		ADC43A7D1715BE8F002296E7 /* osgdb_3ds.so */ = {isa = PBXFileReference; lastKnownFileType = "compiled.mach-o.bundle"; name = osgdb_3ds.so; path = "/usr/local/Cellar/open-scene-graph/3.1.2/lib/osgPlugins-3.1.2/osgdb_3ds.so"; sourceTree = "<absolute>"; };
		ADC43A7E1715BE8F002296E7 /* osgdb_ac.so */ = {isa = PBXFileReference; lastKnownFileType = "compiled.mach-o.bundle"; name = osgdb_ac.so; path = "/usr/local/Cellar/open-scene-graph/3.1.2/lib/osgPlugins-3.1.2/osgdb_ac.so"; sourceTree = "<absolute>"; };
		ADC43A7F1715BE8F002296E7 /* osgdb_bmp.so */ = {isa = PBXFileReference; lastKnownFileType = "compiled.mach-o.bundle"; name = osgdb_bmp.so; path = "/usr/local/Cellar/open-scene-graph/3.1.2/lib/osgPlugins-3.1.2/osgdb_bmp.so"; sourceTree = "<absolute>"; };
		ADC43A801715BE8F002296E7 /* osgdb_bsp.so */ = {isa = PBXFileReference; lastKnownFileType = "compiled.mach-o.bundle"; name = osgdb_bsp.so; path = "/usr/local/Cellar/open-scene-graph/3.1.2/lib/osgPlugins-3.1.2/osgdb_bsp.so"; sourceTree = "<absolute>"; };
		ADC43A811715BE8F002296E7 /* osgdb_bvh.so */ = {isa = PBXFileReference; lastKnownFileType = "compiled.mach-o.bundle"; name = osgdb_bvh.so; path = "/usr/local/Cellar/open-scene-graph/3.1.2/lib/osgPlugins-3.1.2/osgdb_bvh.so"; sourceTree = "<absolute>"; };
		ADC43A821715BE8F002296E7 /* osgdb_cfg.so */ = {isa = PBXFileReference; lastKnownFileType = "compiled.mach-o.bundle"; name = osgdb_cfg.so; path = "/usr/local/Cellar/open-scene-graph/3.1.2/lib/osgPlugins-3.1.2/osgdb_cfg.so"; sourceTree = "<absolute>"; };
		ADC43A831715BE8F002296E7 /* osgdb_curl.so */ = {isa = PBXFileReference; lastKnownFileType = "compiled.mach-o.bundle"; name = osgdb_curl.so; path = "/usr/local/Cellar/open-scene-graph/3.1.2/lib/osgPlugins-3.1.2/osgdb_curl.so"; sourceTree = "<absolute>"; };
		ADC43A841715BE8F002296E7 /* osgdb_dds.so */ = {isa = PBXFileReference; lastKnownFileType = "compiled.mach-o.bundle"; name = osgdb_dds.so; path = "/usr/local/Cellar/open-scene-graph/3.1.2/lib/osgPlugins-3.1.2/osgdb_dds.so"; sourceTree = "<absolute>"; };
		ADC43A851715BE8F002296E7 /* osgdb_deprecated_osg.so */ = {isa = PBXFileReference; lastKnownFileType = "compiled.mach-o.bundle"; name = osgdb_deprecated_osg.so; path = "/usr/local/Cellar/open-scene-graph/3.1.2/lib/osgPlugins-3.1.2/osgdb_deprecated_osg.so"; sourceTree = "<absolute>"; };
		ADC43A861715BE8F002296E7 /* osgdb_deprecated_osganimation.so */ = {isa = PBXFileReference; lastKnownFileType = "compiled.mach-o.bundle"; name = osgdb_deprecated_osganimation.so; path = "/usr/local/Cellar/open-scene-graph/3.1.2/lib/osgPlugins-3.1.2/osgdb_deprecated_osganimation.so"; sourceTree = "<absolute>"; };
		ADC43A871715BE8F002296E7 /* osgdb_deprecated_osgfx.so */ = {isa = PBXFileReference; lastKnownFileType = "compiled.mach-o.bundle"; name = osgdb_deprecated_osgfx.so; path = "/usr/local/Cellar/open-scene-graph/3.1.2/lib/osgPlugins-3.1.2/osgdb_deprecated_osgfx.so"; sourceTree = "<absolute>"; };
		ADC43A881715BE8F002296E7 /* osgdb_deprecated_osgparticle.so */ = {isa = PBXFileReference; lastKnownFileType = "compiled.mach-o.bundle"; name = osgdb_deprecated_osgparticle.so; path = "/usr/local/Cellar/open-scene-graph/3.1.2/lib/osgPlugins-3.1.2/osgdb_deprecated_osgparticle.so"; sourceTree = "<absolute>"; };
		ADC43A891715BE8F002296E7 /* osgdb_deprecated_osgshadow.so */ = {isa = PBXFileReference; lastKnownFileType = "compiled.mach-o.bundle"; name = osgdb_deprecated_osgshadow.so; path = "/usr/local/Cellar/open-scene-graph/3.1.2/lib/osgPlugins-3.1.2/osgdb_deprecated_osgshadow.so"; sourceTree = "<absolute>"; };
		ADC43A8A1715BE8F002296E7 /* osgdb_deprecated_osgsim.so */ = {isa = PBXFileReference; lastKnownFileType = "compiled.mach-o.bundle"; name = osgdb_deprecated_osgsim.so; path = "/usr/local/Cellar/open-scene-graph/3.1.2/lib/osgPlugins-3.1.2/osgdb_deprecated_osgsim.so"; sourceTree = "<absolute>"; };
		ADC43A8B1715BE8F002296E7 /* osgdb_deprecated_osgterrain.so */ = {isa = PBXFileReference; lastKnownFileType = "compiled.mach-o.bundle"; name = osgdb_deprecated_osgterrain.so; path = "/usr/local/Cellar/open-scene-graph/3.1.2/lib/osgPlugins-3.1.2/osgdb_deprecated_osgterrain.so"; sourceTree = "<absolute>"; };
		ADC43A8C1715BE8F002296E7 /* osgdb_deprecated_osgtext.so */ = {isa = PBXFileReference; lastKnownFileType = "compiled.mach-o.bundle"; name = osgdb_deprecated_osgtext.so; path = "/usr/local/Cellar/open-scene-graph/3.1.2/lib/osgPlugins-3.1.2/osgdb_deprecated_osgtext.so"; sourceTree = "<absolute>"; };
		ADC43A8D1715BE8F002296E7 /* osgdb_deprecated_osgviewer.so */ = {isa = PBXFileReference; lastKnownFileType = "compiled.mach-o.bundle"; name = osgdb_deprecated_osgviewer.so; path = "/usr/local/Cellar/open-scene-graph/3.1.2/lib/osgPlugins-3.1.2/osgdb_deprecated_osgviewer.so"; sourceTree = "<absolute>"; };
		ADC43A8E1715BE8F002296E7 /* osgdb_deprecated_osgvolume.so */ = {isa = PBXFileReference; lastKnownFileType = "compiled.mach-o.bundle"; name = osgdb_deprecated_osgvolume.so; path = "/usr/local/Cellar/open-scene-graph/3.1.2/lib/osgPlugins-3.1.2/osgdb_deprecated_osgvolume.so"; sourceTree = "<absolute>"; };
		ADC43A8F1715BE8F002296E7 /* osgdb_deprecated_osgwidget.so */ = {isa = PBXFileReference; lastKnownFileType = "compiled.mach-o.bundle"; name = osgdb_deprecated_osgwidget.so; path = "/usr/local/Cellar/open-scene-graph/3.1.2/lib/osgPlugins-3.1.2/osgdb_deprecated_osgwidget.so"; sourceTree = "<absolute>"; };
		ADC43A901715BE8F002296E7 /* osgdb_dicom.so */ = {isa = PBXFileReference; lastKnownFileType = "compiled.mach-o.bundle"; name = osgdb_dicom.so; path = "/usr/local/Cellar/open-scene-graph/3.1.2/lib/osgPlugins-3.1.2/osgdb_dicom.so"; sourceTree = "<absolute>"; };
		ADC43A911715BE8F002296E7 /* osgdb_dot.so */ = {isa = PBXFileReference; lastKnownFileType = "compiled.mach-o.bundle"; name = osgdb_dot.so; path = "/usr/local/Cellar/open-scene-graph/3.1.2/lib/osgPlugins-3.1.2/osgdb_dot.so"; sourceTree = "<absolute>"; };
		ADC43A921715BE8F002296E7 /* osgdb_dw.so */ = {isa = PBXFileReference; lastKnownFileType = "compiled.mach-o.bundle"; name = osgdb_dw.so; path = "/usr/local/Cellar/open-scene-graph/3.1.2/lib/osgPlugins-3.1.2/osgdb_dw.so"; sourceTree = "<absolute>"; };
		ADC43A931715BE8F002296E7 /* osgdb_dxf.so */ = {isa = PBXFileReference; lastKnownFileType = "compiled.mach-o.bundle"; name = osgdb_dxf.so; path = "/usr/local/Cellar/open-scene-graph/3.1.2/lib/osgPlugins-3.1.2/osgdb_dxf.so"; sourceTree = "<absolute>"; };
		ADC43A941715BE8F002296E7 /* osgdb_exr.so */ = {isa = PBXFileReference; lastKnownFileType = "compiled.mach-o.bundle"; name = osgdb_exr.so; path = "/usr/local/Cellar/open-scene-graph/3.1.2/lib/osgPlugins-3.1.2/osgdb_exr.so"; sourceTree = "<absolute>"; };
		ADC43A951715BE8F002296E7 /* osgdb_freetype.so */ = {isa = PBXFileReference; lastKnownFileType = "compiled.mach-o.bundle"; name = osgdb_freetype.so; path = "/usr/local/Cellar/open-scene-graph/3.1.2/lib/osgPlugins-3.1.2/osgdb_freetype.so"; sourceTree = "<absolute>"; };
		ADC43A961715BE8F002296E7 /* osgdb_gdal.so */ = {isa = PBXFileReference; lastKnownFileType = "compiled.mach-o.bundle"; name = osgdb_gdal.so; path = "/usr/local/Cellar/open-scene-graph/3.1.2/lib/osgPlugins-3.1.2/osgdb_gdal.so"; sourceTree = "<absolute>"; };
		ADC43A971715BE8F002296E7 /* osgdb_geo.so */ = {isa = PBXFileReference; lastKnownFileType = "compiled.mach-o.bundle"; name = osgdb_geo.so; path = "/usr/local/Cellar/open-scene-graph/3.1.2/lib/osgPlugins-3.1.2/osgdb_geo.so"; sourceTree = "<absolute>"; };
		ADC43A981715BE8F002296E7 /* osgdb_glsl.so */ = {isa = PBXFileReference; lastKnownFileType = "compiled.mach-o.bundle"; name = osgdb_glsl.so; path = "/usr/local/Cellar/open-scene-graph/3.1.2/lib/osgPlugins-3.1.2/osgdb_glsl.so"; sourceTree = "<absolute>"; };
		ADC43A991715BE8F002296E7 /* osgdb_gz.so */ = {isa = PBXFileReference; lastKnownFileType = "compiled.mach-o.bundle"; name = osgdb_gz.so; path = "/usr/local/Cellar/open-scene-graph/3.1.2/lib/osgPlugins-3.1.2/osgdb_gz.so"; sourceTree = "<absolute>"; };
		ADC43A9A1715BE8F002296E7 /* osgdb_hdr.so */ = {isa = PBXFileReference; lastKnownFileType = "compiled.mach-o.bundle"; name = osgdb_hdr.so; path = "/usr/local/Cellar/open-scene-graph/3.1.2/lib/osgPlugins-3.1.2/osgdb_hdr.so"; sourceTree = "<absolute>"; };
		ADC43A9B1715BE8F002296E7 /* osgdb_imageio.so */ = {isa = PBXFileReference; lastKnownFileType = "compiled.mach-o.bundle"; name = osgdb_imageio.so; path = "/usr/local/Cellar/open-scene-graph/3.1.2/lib/osgPlugins-3.1.2/osgdb_imageio.so"; sourceTree = "<absolute>"; };
		ADC43A9C1715BE8F002296E7 /* osgdb_ive.so */ = {isa = PBXFileReference; lastKnownFileType = "compiled.mach-o.bundle"; name = osgdb_ive.so; path = "/usr/local/Cellar/open-scene-graph/3.1.2/lib/osgPlugins-3.1.2/osgdb_ive.so"; sourceTree = "<absolute>"; };
		ADC43A9D1715BE8F002296E7 /* osgdb_jp2.so */ = {isa = PBXFileReference; lastKnownFileType = "compiled.mach-o.bundle"; name = osgdb_jp2.so; path = "/usr/local/Cellar/open-scene-graph/3.1.2/lib/osgPlugins-3.1.2/osgdb_jp2.so"; sourceTree = "<absolute>"; };
		ADC43A9E1715BE8F002296E7 /* osgdb_logo.so */ = {isa = PBXFileReference; lastKnownFileType = "compiled.mach-o.bundle"; name = osgdb_logo.so; path = "/usr/local/Cellar/open-scene-graph/3.1.2/lib/osgPlugins-3.1.2/osgdb_logo.so"; sourceTree = "<absolute>"; };
		ADC43A9F1715BE8F002296E7 /* osgdb_lwo.so */ = {isa = PBXFileReference; lastKnownFileType = "compiled.mach-o.bundle"; name = osgdb_lwo.so; path = "/usr/local/Cellar/open-scene-graph/3.1.2/lib/osgPlugins-3.1.2/osgdb_lwo.so"; sourceTree = "<absolute>"; };
		ADC43AA01715BE8F002296E7 /* osgdb_lws.so */ = {isa = PBXFileReference; lastKnownFileType = "compiled.mach-o.bundle"; name = osgdb_lws.so; path = "/usr/local/Cellar/open-scene-graph/3.1.2/lib/osgPlugins-3.1.2/osgdb_lws.so"; sourceTree = "<absolute>"; };
		ADC43AA11715BE8F002296E7 /* osgdb_md2.so */ = {isa = PBXFileReference; lastKnownFileType = "compiled.mach-o.bundle"; name = osgdb_md2.so; path = "/usr/local/Cellar/open-scene-graph/3.1.2/lib/osgPlugins-3.1.2/osgdb_md2.so"; sourceTree = "<absolute>"; };
		ADC43AA21715BE8F002296E7 /* osgdb_mdl.so */ = {isa = PBXFileReference; lastKnownFileType = "compiled.mach-o.bundle"; name = osgdb_mdl.so; path = "/usr/local/Cellar/open-scene-graph/3.1.2/lib/osgPlugins-3.1.2/osgdb_mdl.so"; sourceTree = "<absolute>"; };
		ADC43AA31715BE8F002296E7 /* osgdb_normals.so */ = {isa = PBXFileReference; lastKnownFileType = "compiled.mach-o.bundle"; name = osgdb_normals.so; path = "/usr/local/Cellar/open-scene-graph/3.1.2/lib/osgPlugins-3.1.2/osgdb_normals.so"; sourceTree = "<absolute>"; };
		ADC43AA41715BE8F002296E7 /* osgdb_obj.so */ = {isa = PBXFileReference; lastKnownFileType = "compiled.mach-o.bundle"; name = osgdb_obj.so; path = "/usr/local/Cellar/open-scene-graph/3.1.2/lib/osgPlugins-3.1.2/osgdb_obj.so"; sourceTree = "<absolute>"; };
		ADC43AA51715BE8F002296E7 /* osgdb_ogr.so */ = {isa = PBXFileReference; lastKnownFileType = "compiled.mach-o.bundle"; name = osgdb_ogr.so; path = "/usr/local/Cellar/open-scene-graph/3.1.2/lib/osgPlugins-3.1.2/osgdb_ogr.so"; sourceTree = "<absolute>"; };
		ADC43AA61715BE8F002296E7 /* osgdb_openflight.so */ = {isa = PBXFileReference; lastKnownFileType = "compiled.mach-o.bundle"; name = osgdb_openflight.so; path = "/usr/local/Cellar/open-scene-graph/3.1.2/lib/osgPlugins-3.1.2/osgdb_openflight.so"; sourceTree = "<absolute>"; };
		ADC43AA71715BE8F002296E7 /* osgdb_osg.so */ = {isa = PBXFileReference; lastKnownFileType = "compiled.mach-o.bundle"; name = osgdb_osg.so; path = "/usr/local/Cellar/open-scene-graph/3.1.2/lib/osgPlugins-3.1.2/osgdb_osg.so"; sourceTree = "<absolute>"; };
		ADC43AA81715BE8F002296E7 /* osgdb_osga.so */ = {isa = PBXFileReference; lastKnownFileType = "compiled.mach-o.bundle"; name = osgdb_osga.so; path = "/usr/local/Cellar/open-scene-graph/3.1.2/lib/osgPlugins-3.1.2/osgdb_osga.so"; sourceTree = "<absolute>"; };
		ADC43AA91715BE8F002296E7 /* osgdb_osgshadow.so */ = {isa = PBXFileReference; lastKnownFileType = "compiled.mach-o.bundle"; name = osgdb_osgshadow.so; path = "/usr/local/Cellar/open-scene-graph/3.1.2/lib/osgPlugins-3.1.2/osgdb_osgshadow.so"; sourceTree = "<absolute>"; };
		ADC43AAA1715BE8F002296E7 /* osgdb_osgterrain.so */ = {isa = PBXFileReference; lastKnownFileType = "compiled.mach-o.bundle"; name = osgdb_osgterrain.so; path = "/usr/local/Cellar/open-scene-graph/3.1.2/lib/osgPlugins-3.1.2/osgdb_osgterrain.so"; sourceTree = "<absolute>"; };
		ADC43AAB1715BE8F002296E7 /* osgdb_osgtgz.so */ = {isa = PBXFileReference; lastKnownFileType = "compiled.mach-o.bundle"; name = osgdb_osgtgz.so; path = "/usr/local/Cellar/open-scene-graph/3.1.2/lib/osgPlugins-3.1.2/osgdb_osgtgz.so"; sourceTree = "<absolute>"; };
		ADC43AAC1715BE8F002296E7 /* osgdb_osgviewer.so */ = {isa = PBXFileReference; lastKnownFileType = "compiled.mach-o.bundle"; name = osgdb_osgviewer.so; path = "/usr/local/Cellar/open-scene-graph/3.1.2/lib/osgPlugins-3.1.2/osgdb_osgviewer.so"; sourceTree = "<absolute>"; };
		ADC43AAD1715BE8F002296E7 /* osgdb_p3d.so */ = {isa = PBXFileReference; lastKnownFileType = "compiled.mach-o.bundle"; name = osgdb_p3d.so; path = "/usr/local/Cellar/open-scene-graph/3.1.2/lib/osgPlugins-3.1.2/osgdb_p3d.so"; sourceTree = "<absolute>"; };
		ADC43AAE1715BE8F002296E7 /* osgdb_pic.so */ = {isa = PBXFileReference; lastKnownFileType = "compiled.mach-o.bundle"; name = osgdb_pic.so; path = "/usr/local/Cellar/open-scene-graph/3.1.2/lib/osgPlugins-3.1.2/osgdb_pic.so"; sourceTree = "<absolute>"; };
		ADC43AAF1715BE8F002296E7 /* osgdb_ply.so */ = {isa = PBXFileReference; lastKnownFileType = "compiled.mach-o.bundle"; name = osgdb_ply.so; path = "/usr/local/Cellar/open-scene-graph/3.1.2/lib/osgPlugins-3.1.2/osgdb_ply.so"; sourceTree = "<absolute>"; };
		ADC43AB01715BE8F002296E7 /* osgdb_pnm.so */ = {isa = PBXFileReference; lastKnownFileType = "compiled.mach-o.bundle"; name = osgdb_pnm.so; path = "/usr/local/Cellar/open-scene-graph/3.1.2/lib/osgPlugins-3.1.2/osgdb_pnm.so"; sourceTree = "<absolute>"; };
		ADC43AB11715BE8F002296E7 /* osgdb_pov.so */ = {isa = PBXFileReference; lastKnownFileType = "compiled.mach-o.bundle"; name = osgdb_pov.so; path = "/usr/local/Cellar/open-scene-graph/3.1.2/lib/osgPlugins-3.1.2/osgdb_pov.so"; sourceTree = "<absolute>"; };
		ADC43AB21715BE8F002296E7 /* osgdb_pvr.so */ = {isa = PBXFileReference; lastKnownFileType = "compiled.mach-o.bundle"; name = osgdb_pvr.so; path = "/usr/local/Cellar/open-scene-graph/3.1.2/lib/osgPlugins-3.1.2/osgdb_pvr.so"; sourceTree = "<absolute>"; };
		ADC43AB31715BE8F002296E7 /* osgdb_revisions.so */ = {isa = PBXFileReference; lastKnownFileType = "compiled.mach-o.bundle"; name = osgdb_revisions.so; path = "/usr/local/Cellar/open-scene-graph/3.1.2/lib/osgPlugins-3.1.2/osgdb_revisions.so"; sourceTree = "<absolute>"; };
		ADC43AB41715BE8F002296E7 /* osgdb_rgb.so */ = {isa = PBXFileReference; lastKnownFileType = "compiled.mach-o.bundle"; name = osgdb_rgb.so; path = "/usr/local/Cellar/open-scene-graph/3.1.2/lib/osgPlugins-3.1.2/osgdb_rgb.so"; sourceTree = "<absolute>"; };
		ADC43AB51715BE8F002296E7 /* osgdb_rot.so */ = {isa = PBXFileReference; lastKnownFileType = "compiled.mach-o.bundle"; name = osgdb_rot.so; path = "/usr/local/Cellar/open-scene-graph/3.1.2/lib/osgPlugins-3.1.2/osgdb_rot.so"; sourceTree = "<absolute>"; };
		ADC43AB61715BE8F002296E7 /* osgdb_scale.so */ = {isa = PBXFileReference; lastKnownFileType = "compiled.mach-o.bundle"; name = osgdb_scale.so; path = "/usr/local/Cellar/open-scene-graph/3.1.2/lib/osgPlugins-3.1.2/osgdb_scale.so"; sourceTree = "<absolute>"; };
		ADC43AB71715BE8F002296E7 /* osgdb_serializers_osg.so */ = {isa = PBXFileReference; lastKnownFileType = "compiled.mach-o.bundle"; name = osgdb_serializers_osg.so; path = "/usr/local/Cellar/open-scene-graph/3.1.2/lib/osgPlugins-3.1.2/osgdb_serializers_osg.so"; sourceTree = "<absolute>"; };
		ADC43AB81715BE8F002296E7 /* osgdb_serializers_osganimation.so */ = {isa = PBXFileReference; lastKnownFileType = "compiled.mach-o.bundle"; name = osgdb_serializers_osganimation.so; path = "/usr/local/Cellar/open-scene-graph/3.1.2/lib/osgPlugins-3.1.2/osgdb_serializers_osganimation.so"; sourceTree = "<absolute>"; };
		ADC43AB91715BE90002296E7 /* osgdb_serializers_osgfx.so */ = {isa = PBXFileReference; lastKnownFileType = "compiled.mach-o.bundle"; name = osgdb_serializers_osgfx.so; path = "/usr/local/Cellar/open-scene-graph/3.1.2/lib/osgPlugins-3.1.2/osgdb_serializers_osgfx.so"; sourceTree = "<absolute>"; };
		ADC43ABA1715BE90002296E7 /* osgdb_serializers_osgmanipulator.so */ = {isa = PBXFileReference; lastKnownFileType = "compiled.mach-o.bundle"; name = osgdb_serializers_osgmanipulator.so; path = "/usr/local/Cellar/open-scene-graph/3.1.2/lib/osgPlugins-3.1.2/osgdb_serializers_osgmanipulator.so"; sourceTree = "<absolute>"; };
		ADC43ABB1715BE90002296E7 /* osgdb_serializers_osgparticle.so */ = {isa = PBXFileReference; lastKnownFileType = "compiled.mach-o.bundle"; name = osgdb_serializers_osgparticle.so; path = "/usr/local/Cellar/open-scene-graph/3.1.2/lib/osgPlugins-3.1.2/osgdb_serializers_osgparticle.so"; sourceTree = "<absolute>"; };
		ADC43ABC1715BE90002296E7 /* osgdb_serializers_osgshadow.so */ = {isa = PBXFileReference; lastKnownFileType = "compiled.mach-o.bundle"; name = osgdb_serializers_osgshadow.so; path = "/usr/local/Cellar/open-scene-graph/3.1.2/lib/osgPlugins-3.1.2/osgdb_serializers_osgshadow.so"; sourceTree = "<absolute>"; };
		ADC43ABD1715BE90002296E7 /* osgdb_serializers_osgsim.so */ = {isa = PBXFileReference; lastKnownFileType = "compiled.mach-o.bundle"; name = osgdb_serializers_osgsim.so; path = "/usr/local/Cellar/open-scene-graph/3.1.2/lib/osgPlugins-3.1.2/osgdb_serializers_osgsim.so"; sourceTree = "<absolute>"; };
		ADC43ABE1715BE90002296E7 /* osgdb_serializers_osgterrain.so */ = {isa = PBXFileReference; lastKnownFileType = "compiled.mach-o.bundle"; name = osgdb_serializers_osgterrain.so; path = "/usr/local/Cellar/open-scene-graph/3.1.2/lib/osgPlugins-3.1.2/osgdb_serializers_osgterrain.so"; sourceTree = "<absolute>"; };
		ADC43ABF1715BE90002296E7 /* osgdb_serializers_osgtext.so */ = {isa = PBXFileReference; lastKnownFileType = "compiled.mach-o.bundle"; name = osgdb_serializers_osgtext.so; path = "/usr/local/Cellar/open-scene-graph/3.1.2/lib/osgPlugins-3.1.2/osgdb_serializers_osgtext.so"; sourceTree = "<absolute>"; };
		ADC43AC01715BE90002296E7 /* osgdb_serializers_osgvolume.so */ = {isa = PBXFileReference; lastKnownFileType = "compiled.mach-o.bundle"; name = osgdb_serializers_osgvolume.so; path = "/usr/local/Cellar/open-scene-graph/3.1.2/lib/osgPlugins-3.1.2/osgdb_serializers_osgvolume.so"; sourceTree = "<absolute>"; };
		ADC43AC11715BE90002296E7 /* osgdb_shp.so */ = {isa = PBXFileReference; lastKnownFileType = "compiled.mach-o.bundle"; name = osgdb_shp.so; path = "/usr/local/Cellar/open-scene-graph/3.1.2/lib/osgPlugins-3.1.2/osgdb_shp.so"; sourceTree = "<absolute>"; };
		ADC43AC21715BE90002296E7 /* osgdb_stl.so */ = {isa = PBXFileReference; lastKnownFileType = "compiled.mach-o.bundle"; name = osgdb_stl.so; path = "/usr/local/Cellar/open-scene-graph/3.1.2/lib/osgPlugins-3.1.2/osgdb_stl.so"; sourceTree = "<absolute>"; };
		ADC43AC31715BE90002296E7 /* osgdb_tga.so */ = {isa = PBXFileReference; lastKnownFileType = "compiled.mach-o.bundle"; name = osgdb_tga.so; path = "/usr/local/Cellar/open-scene-graph/3.1.2/lib/osgPlugins-3.1.2/osgdb_tga.so"; sourceTree = "<absolute>"; };
		ADC43AC41715BE90002296E7 /* osgdb_tgz.so */ = {isa = PBXFileReference; lastKnownFileType = "compiled.mach-o.bundle"; name = osgdb_tgz.so; path = "/usr/local/Cellar/open-scene-graph/3.1.2/lib/osgPlugins-3.1.2/osgdb_tgz.so"; sourceTree = "<absolute>"; };
		ADC43AC51715BE90002296E7 /* osgdb_trans.so */ = {isa = PBXFileReference; lastKnownFileType = "compiled.mach-o.bundle"; name = osgdb_trans.so; path = "/usr/local/Cellar/open-scene-graph/3.1.2/lib/osgPlugins-3.1.2/osgdb_trans.so"; sourceTree = "<absolute>"; };
		ADC43AC61715BE90002296E7 /* osgdb_txf.so */ = {isa = PBXFileReference; lastKnownFileType = "compiled.mach-o.bundle"; name = osgdb_txf.so; path = "/usr/local/Cellar/open-scene-graph/3.1.2/lib/osgPlugins-3.1.2/osgdb_txf.so"; sourceTree = "<absolute>"; };
		ADC43AC71715BE90002296E7 /* osgdb_txp.so */ = {isa = PBXFileReference; lastKnownFileType = "compiled.mach-o.bundle"; name = osgdb_txp.so; path = "/usr/local/Cellar/open-scene-graph/3.1.2/lib/osgPlugins-3.1.2/osgdb_txp.so"; sourceTree = "<absolute>"; };
		ADC43AC81715BE90002296E7 /* osgdb_vtf.so */ = {isa = PBXFileReference; lastKnownFileType = "compiled.mach-o.bundle"; name = osgdb_vtf.so; path = "/usr/local/Cellar/open-scene-graph/3.1.2/lib/osgPlugins-3.1.2/osgdb_vtf.so"; sourceTree = "<absolute>"; };
		ADC43AC91715BE90002296E7 /* osgdb_x.so */ = {isa = PBXFileReference; lastKnownFileType = "compiled.mach-o.bundle"; name = osgdb_x.so; path = "/usr/local/Cellar/open-scene-graph/3.1.2/lib/osgPlugins-3.1.2/osgdb_x.so"; sourceTree = "<absolute>"; };
		ADC43ACA1715BE90002296E7 /* osgdb_zip.so */ = {isa = PBXFileReference; lastKnownFileType = "compiled.mach-o.bundle"; name = osgdb_zip.so; path = "/usr/local/Cellar/open-scene-graph/3.1.2/lib/osgPlugins-3.1.2/osgdb_zip.so"; sourceTree = "<absolute>"; };
/* End PBXFileReference section */

/* Begin PBXFrameworksBuildPhase section */
		ADC43A051715BC7F002296E7 /* Frameworks */ = {
			isa = PBXFrameworksBuildPhase;
			buildActionMask = 2147483647;
			files = (
				AD32AEED1715F78D00F7DE2A /* GLUT.framework in Frameworks */,
				AD32AEEB1715F78500F7DE2A /* OpenGL.framework in Frameworks */,
				ADC43A491715BCD3002296E7 /* libOpenThreads.2.6.0.dylib in Frameworks */,
				ADC43A4A1715BCD3002296E7 /* libOpenThreads.12.dylib in Frameworks */,
				ADC43A4B1715BCD3002296E7 /* libOpenThreads.dylib in Frameworks */,
				ADC43A4C1715BCD3002296E7 /* libosg.3.1.2.dylib in Frameworks */,
				ADC43A4D1715BCD3002296E7 /* libosg.92.dylib in Frameworks */,
				ADC43A4E1715BCD3002296E7 /* libosg.dylib in Frameworks */,
				ADC43A4F1715BCD3002296E7 /* libosgAnimation.3.1.2.dylib in Frameworks */,
				ADC43A501715BCD3002296E7 /* libosgAnimation.92.dylib in Frameworks */,
				ADC43ACB1715BE90002296E7 /* osgdb_3dc.so in Frameworks */,
				ADC43ACC1715BE90002296E7 /* osgdb_3ds.so in Frameworks */,
				ADC43ACD1715BE90002296E7 /* osgdb_ac.so in Frameworks */,
				ADC43ACE1715BE90002296E7 /* osgdb_bmp.so in Frameworks */,
				ADC43ACF1715BE90002296E7 /* osgdb_bsp.so in Frameworks */,
				ADC43AD01715BE90002296E7 /* osgdb_bvh.so in Frameworks */,
				ADC43AD11715BE90002296E7 /* osgdb_cfg.so in Frameworks */,
				ADC43AD21715BE90002296E7 /* osgdb_curl.so in Frameworks */,
				ADC43AD31715BE90002296E7 /* osgdb_dds.so in Frameworks */,
				ADC43AD41715BE90002296E7 /* osgdb_deprecated_osg.so in Frameworks */,
				ADC43AD51715BE90002296E7 /* osgdb_deprecated_osganimation.so in Frameworks */,
				ADC43AD61715BE90002296E7 /* osgdb_deprecated_osgfx.so in Frameworks */,
				ADC43AD71715BE90002296E7 /* osgdb_deprecated_osgparticle.so in Frameworks */,
				ADC43AD81715BE90002296E7 /* osgdb_deprecated_osgshadow.so in Frameworks */,
				ADC43AD91715BE90002296E7 /* osgdb_deprecated_osgsim.so in Frameworks */,
				ADC43ADA1715BE90002296E7 /* osgdb_deprecated_osgterrain.so in Frameworks */,
				ADC43ADB1715BE90002296E7 /* osgdb_deprecated_osgtext.so in Frameworks */,
				ADC43ADC1715BE90002296E7 /* osgdb_deprecated_osgviewer.so in Frameworks */,
				ADC43ADD1715BE90002296E7 /* osgdb_deprecated_osgvolume.so in Frameworks */,
				ADC43ADE1715BE90002296E7 /* osgdb_deprecated_osgwidget.so in Frameworks */,
				ADC43ADF1715BE90002296E7 /* osgdb_dicom.so in Frameworks */,
				ADC43AE01715BE90002296E7 /* osgdb_dot.so in Frameworks */,
				ADC43AE11715BE90002296E7 /* osgdb_dw.so in Frameworks */,
				ADC43AE21715BE90002296E7 /* osgdb_dxf.so in Frameworks */,
				ADC43AE31715BE90002296E7 /* osgdb_exr.so in Frameworks */,
				ADC43AE41715BE90002296E7 /* osgdb_freetype.so in Frameworks */,
				ADC43AE51715BE90002296E7 /* osgdb_gdal.so in Frameworks */,
				ADC43AE61715BE90002296E7 /* osgdb_geo.so in Frameworks */,
				ADC43AE71715BE90002296E7 /* osgdb_glsl.so in Frameworks */,
				ADC43AE81715BE90002296E7 /* osgdb_gz.so in Frameworks */,
				ADC43AE91715BE90002296E7 /* osgdb_hdr.so in Frameworks */,
				ADC43AEA1715BE90002296E7 /* osgdb_imageio.so in Frameworks */,
				ADC43AEB1715BE90002296E7 /* osgdb_ive.so in Frameworks */,
				ADC43AEC1715BE90002296E7 /* osgdb_jp2.so in Frameworks */,
				ADC43AED1715BE90002296E7 /* osgdb_logo.so in Frameworks */,
				ADC43AEE1715BE90002296E7 /* osgdb_lwo.so in Frameworks */,
				ADC43AEF1715BE90002296E7 /* osgdb_lws.so in Frameworks */,
				ADC43AF01715BE90002296E7 /* osgdb_md2.so in Frameworks */,
				ADC43AF11715BE90002296E7 /* osgdb_mdl.so in Frameworks */,
				ADC43AF21715BE90002296E7 /* osgdb_normals.so in Frameworks */,
				ADC43AF31715BE90002296E7 /* osgdb_obj.so in Frameworks */,
				ADC43AF41715BE90002296E7 /* osgdb_ogr.so in Frameworks */,
				ADC43AF51715BE90002296E7 /* osgdb_openflight.so in Frameworks */,
				ADC43AF61715BE90002296E7 /* osgdb_osg.so in Frameworks */,
				ADC43AF71715BE90002296E7 /* osgdb_osga.so in Frameworks */,
				ADC43AF81715BE90002296E7 /* osgdb_osgshadow.so in Frameworks */,
				ADC43AF91715BE90002296E7 /* osgdb_osgterrain.so in Frameworks */,
				ADC43AFA1715BE90002296E7 /* osgdb_osgtgz.so in Frameworks */,
				ADC43AFB1715BE90002296E7 /* osgdb_osgviewer.so in Frameworks */,
				ADC43AFC1715BE90002296E7 /* osgdb_p3d.so in Frameworks */,
				ADC43AFD1715BE90002296E7 /* osgdb_pic.so in Frameworks */,
				ADC43AFE1715BE90002296E7 /* osgdb_ply.so in Frameworks */,
				ADC43AFF1715BE90002296E7 /* osgdb_pnm.so in Frameworks */,
				ADC43B001715BE90002296E7 /* osgdb_pov.so in Frameworks */,
				ADC43B011715BE90002296E7 /* osgdb_pvr.so in Frameworks */,
				ADC43B021715BE90002296E7 /* osgdb_revisions.so in Frameworks */,
				ADC43B031715BE90002296E7 /* osgdb_rgb.so in Frameworks */,
				ADC43B041715BE90002296E7 /* osgdb_rot.so in Frameworks */,
				ADC43B051715BE90002296E7 /* osgdb_scale.so in Frameworks */,
				ADC43B061715BE90002296E7 /* osgdb_serializers_osg.so in Frameworks */,
				ADC43B071715BE90002296E7 /* osgdb_serializers_osganimation.so in Frameworks */,
				ADC43B081715BE90002296E7 /* osgdb_serializers_osgfx.so in Frameworks */,
				ADC43B091715BE90002296E7 /* osgdb_serializers_osgmanipulator.so in Frameworks */,
				ADC43B0A1715BE90002296E7 /* osgdb_serializers_osgparticle.so in Frameworks */,
				ADC43B0B1715BE90002296E7 /* osgdb_serializers_osgshadow.so in Frameworks */,
				ADC43B0C1715BE90002296E7 /* osgdb_serializers_osgsim.so in Frameworks */,
				ADC43B0D1715BE90002296E7 /* osgdb_serializers_osgterrain.so in Frameworks */,
				ADC43B0E1715BE90002296E7 /* osgdb_serializers_osgtext.so in Frameworks */,
				ADC43B0F1715BE90002296E7 /* osgdb_serializers_osgvolume.so in Frameworks */,
				ADC43B101715BE90002296E7 /* osgdb_shp.so in Frameworks */,
				ADC43B111715BE90002296E7 /* osgdb_stl.so in Frameworks */,
				ADC43B121715BE90002296E7 /* osgdb_tga.so in Frameworks */,
				ADC43B131715BE90002296E7 /* osgdb_tgz.so in Frameworks */,
				ADC43B141715BE90002296E7 /* osgdb_trans.so in Frameworks */,
				ADC43B151715BE90002296E7 /* osgdb_txf.so in Frameworks */,
				ADC43B161715BE90002296E7 /* osgdb_txp.so in Frameworks */,
				ADC43B171715BE90002296E7 /* osgdb_vtf.so in Frameworks */,
				ADC43B181715BE90002296E7 /* osgdb_x.so in Frameworks */,
				ADC43B191715BE90002296E7 /* osgdb_zip.so in Frameworks */,
				ADC43A511715BCD3002296E7 /* libosgAnimation.dylib in Frameworks */,
				ADC43A521715BCD3002296E7 /* libosgDB.3.1.2.dylib in Frameworks */,
				ADC43A531715BCD3002296E7 /* libosgDB.92.dylib in Frameworks */,
				ADC43A541715BCD3002296E7 /* libosgDB.dylib in Frameworks */,
				ADC43A551715BCD3002296E7 /* libosgFX.3.1.2.dylib in Frameworks */,
				ADC43A561715BCD3002296E7 /* libosgFX.92.dylib in Frameworks */,
				ADC43A571715BCD3002296E7 /* libosgFX.dylib in Frameworks */,
				ADC43A581715BCD3002296E7 /* libosgGA.3.1.2.dylib in Frameworks */,
				ADC43A591715BCD3002296E7 /* libosgGA.92.dylib in Frameworks */,
				ADC43A5A1715BCD3002296E7 /* libosgGA.dylib in Frameworks */,
				ADC43A5B1715BCD3002296E7 /* libosgManipulator.3.1.2.dylib in Frameworks */,
				ADC43A5C1715BCD3002296E7 /* libosgManipulator.92.dylib in Frameworks */,
				ADC43A5D1715BCD3002296E7 /* libosgManipulator.dylib in Frameworks */,
				ADC43A5E1715BCD3002296E7 /* libosgParticle.3.1.2.dylib in Frameworks */,
				ADC43A5F1715BCD3002296E7 /* libosgParticle.92.dylib in Frameworks */,
				ADC43A601715BCD3002296E7 /* libosgParticle.dylib in Frameworks */,
				ADC43A611715BCD3002296E7 /* libosgPresentation.3.1.2.dylib in Frameworks */,
				ADC43A621715BCD3002296E7 /* libosgPresentation.92.dylib in Frameworks */,
				ADC43A631715BCD3002296E7 /* libosgPresentation.dylib in Frameworks */,
				ADC43A641715BCD3002296E7 /* libosgShadow.3.1.2.dylib in Frameworks */,
				ADC43A651715BCD3002296E7 /* libosgShadow.92.dylib in Frameworks */,
				ADC43A661715BCD3002296E7 /* libosgShadow.dylib in Frameworks */,
				ADC43A671715BCD3002296E7 /* libosgSim.3.1.2.dylib in Frameworks */,
				ADC43A681715BCD3002296E7 /* libosgSim.92.dylib in Frameworks */,
				ADC43A691715BCD3002296E7 /* libosgSim.dylib in Frameworks */,
				ADC43A6A1715BCD3002296E7 /* libosgTerrain.3.1.2.dylib in Frameworks */,
				ADC43A6B1715BCD3002296E7 /* libosgTerrain.92.dylib in Frameworks */,
				ADC43A6C1715BCD3002296E7 /* libosgTerrain.dylib in Frameworks */,
				ADC43A6D1715BCD3002296E7 /* libosgText.3.1.2.dylib in Frameworks */,
				ADC43A6E1715BCD3002296E7 /* libosgText.92.dylib in Frameworks */,
				ADC43A6F1715BCD3002296E7 /* libosgText.dylib in Frameworks */,
				ADC43A701715BCD3002296E7 /* libosgUtil.3.1.2.dylib in Frameworks */,
				ADC43A711715BCD3002296E7 /* libosgUtil.92.dylib in Frameworks */,
				ADC43A721715BCD3002296E7 /* libosgUtil.dylib in Frameworks */,
				ADC43A731715BCD3002296E7 /* libosgViewer.3.1.2.dylib in Frameworks */,
				ADC43A741715BCD3002296E7 /* libosgViewer.92.dylib in Frameworks */,
				ADC43A751715BCD3002296E7 /* libosgViewer.dylib in Frameworks */,
				ADC43A761715BCD3002296E7 /* libosgVolume.3.1.2.dylib in Frameworks */,
				ADC43A771715BCD3002296E7 /* libosgVolume.92.dylib in Frameworks */,
				ADC43A781715BCD3002296E7 /* libosgVolume.dylib in Frameworks */,
				ADC43A791715BCD3002296E7 /* libosgWidget.3.1.2.dylib in Frameworks */,
				ADC43A7A1715BCD3002296E7 /* libosgWidget.92.dylib in Frameworks */,
				ADC43A7B1715BCD3002296E7 /* libosgWidget.dylib in Frameworks */,
			);
			runOnlyForDeploymentPostprocessing = 0;
		};
/* End PBXFrameworksBuildPhase section */

/* Begin PBXGroup section */
		AD0BEA24171611A600DF4173 /* osgLib */ = {
			isa = PBXGroup;
			children = (
				ADC43A7C1715BE8F002296E7 /* osgdb_3dc.so */,
				ADC43A7D1715BE8F002296E7 /* osgdb_3ds.so */,
				ADC43A7E1715BE8F002296E7 /* osgdb_ac.so */,
				ADC43A7F1715BE8F002296E7 /* osgdb_bmp.so */,
				ADC43A801715BE8F002296E7 /* osgdb_bsp.so */,
				ADC43A811715BE8F002296E7 /* osgdb_bvh.so */,
				ADC43A821715BE8F002296E7 /* osgdb_cfg.so */,
				ADC43A831715BE8F002296E7 /* osgdb_curl.so */,
				ADC43A841715BE8F002296E7 /* osgdb_dds.so */,
				ADC43A851715BE8F002296E7 /* osgdb_deprecated_osg.so */,
				ADC43A861715BE8F002296E7 /* osgdb_deprecated_osganimation.so */,
				ADC43A871715BE8F002296E7 /* osgdb_deprecated_osgfx.so */,
				ADC43A881715BE8F002296E7 /* osgdb_deprecated_osgparticle.so */,
				ADC43A891715BE8F002296E7 /* osgdb_deprecated_osgshadow.so */,
				ADC43A8A1715BE8F002296E7 /* osgdb_deprecated_osgsim.so */,
				ADC43A8B1715BE8F002296E7 /* osgdb_deprecated_osgterrain.so */,
				ADC43A8C1715BE8F002296E7 /* osgdb_deprecated_osgtext.so */,
				ADC43A8D1715BE8F002296E7 /* osgdb_deprecated_osgviewer.so */,
				ADC43A8E1715BE8F002296E7 /* osgdb_deprecated_osgvolume.so */,
				ADC43A8F1715BE8F002296E7 /* osgdb_deprecated_osgwidget.so */,
				ADC43A901715BE8F002296E7 /* osgdb_dicom.so */,
				ADC43A911715BE8F002296E7 /* osgdb_dot.so */,
				ADC43A921715BE8F002296E7 /* osgdb_dw.so */,
				ADC43A931715BE8F002296E7 /* osgdb_dxf.so */,
				ADC43A941715BE8F002296E7 /* osgdb_exr.so */,
				ADC43A951715BE8F002296E7 /* osgdb_freetype.so */,
				ADC43A961715BE8F002296E7 /* osgdb_gdal.so */,
				ADC43A971715BE8F002296E7 /* osgdb_geo.so */,
				ADC43A981715BE8F002296E7 /* osgdb_glsl.so */,
				ADC43A991715BE8F002296E7 /* osgdb_gz.so */,
				ADC43A9A1715BE8F002296E7 /* osgdb_hdr.so */,
				ADC43A9B1715BE8F002296E7 /* osgdb_imageio.so */,
				ADC43A9C1715BE8F002296E7 /* osgdb_ive.so */,
				ADC43A9D1715BE8F002296E7 /* osgdb_jp2.so */,
				ADC43A9E1715BE8F002296E7 /* osgdb_logo.so */,
				ADC43A9F1715BE8F002296E7 /* osgdb_lwo.so */,
				ADC43AA01715BE8F002296E7 /* osgdb_lws.so */,
				ADC43AA11715BE8F002296E7 /* osgdb_md2.so */,
				ADC43AA21715BE8F002296E7 /* osgdb_mdl.so */,
				ADC43AA31715BE8F002296E7 /* osgdb_normals.so */,
				ADC43AA41715BE8F002296E7 /* osgdb_obj.so */,
				ADC43AA51715BE8F002296E7 /* osgdb_ogr.so */,
				ADC43AA61715BE8F002296E7 /* osgdb_openflight.so */,
				ADC43AA71715BE8F002296E7 /* osgdb_osg.so */,
				ADC43AA81715BE8F002296E7 /* osgdb_osga.so */,
				ADC43AA91715BE8F002296E7 /* osgdb_osgshadow.so */,
				ADC43AAA1715BE8F002296E7 /* osgdb_osgterrain.so */,
				ADC43AAB1715BE8F002296E7 /* osgdb_osgtgz.so */,
				ADC43AAC1715BE8F002296E7 /* osgdb_osgviewer.so */,
				ADC43AAD1715BE8F002296E7 /* osgdb_p3d.so */,
				ADC43AAE1715BE8F002296E7 /* osgdb_pic.so */,
				ADC43AAF1715BE8F002296E7 /* osgdb_ply.so */,
				ADC43AB01715BE8F002296E7 /* osgdb_pnm.so */,
				ADC43AB11715BE8F002296E7 /* osgdb_pov.so */,
				ADC43AB21715BE8F002296E7 /* osgdb_pvr.so */,
				ADC43AB31715BE8F002296E7 /* osgdb_revisions.so */,
				ADC43AB41715BE8F002296E7 /* osgdb_rgb.so */,
				ADC43AB51715BE8F002296E7 /* osgdb_rot.so */,
				ADC43AB61715BE8F002296E7 /* osgdb_scale.so */,
				ADC43AB71715BE8F002296E7 /* osgdb_serializers_osg.so */,
				ADC43AB81715BE8F002296E7 /* osgdb_serializers_osganimation.so */,
				ADC43AB91715BE90002296E7 /* osgdb_serializers_osgfx.so */,
				ADC43ABA1715BE90002296E7 /* osgdb_serializers_osgmanipulator.so */,
				ADC43ABB1715BE90002296E7 /* osgdb_serializers_osgparticle.so */,
				ADC43ABC1715BE90002296E7 /* osgdb_serializers_osgshadow.so */,
				ADC43ABD1715BE90002296E7 /* osgdb_serializers_osgsim.so */,
				ADC43ABE1715BE90002296E7 /* osgdb_serializers_osgterrain.so */,
				ADC43ABF1715BE90002296E7 /* osgdb_serializers_osgtext.so */,
				ADC43AC01715BE90002296E7 /* osgdb_serializers_osgvolume.so */,
				ADC43AC11715BE90002296E7 /* osgdb_shp.so */,
				ADC43AC21715BE90002296E7 /* osgdb_stl.so */,
				ADC43AC31715BE90002296E7 /* osgdb_tga.so */,
				ADC43AC41715BE90002296E7 /* osgdb_tgz.so */,
				ADC43AC51715BE90002296E7 /* osgdb_trans.so */,
				ADC43AC61715BE90002296E7 /* osgdb_txf.so */,
				ADC43AC71715BE90002296E7 /* osgdb_txp.so */,
				ADC43AC81715BE90002296E7 /* osgdb_vtf.so */,
				ADC43AC91715BE90002296E7 /* osgdb_x.so */,
				ADC43ACA1715BE90002296E7 /* osgdb_zip.so */,
				ADC43A151715BCD3002296E7 /* libOpenThreads.2.6.0.dylib */,
				ADC43A161715BCD3002296E7 /* libOpenThreads.12.dylib */,
				ADC43A171715BCD3002296E7 /* libOpenThreads.dylib */,
				ADC43A181715BCD3002296E7 /* libosg.3.1.2.dylib */,
				ADC43A191715BCD3002296E7 /* libosg.92.dylib */,
				ADC43A1A1715BCD3002296E7 /* libosg.dylib */,
				ADC43A1B1715BCD3002296E7 /* libosgAnimation.3.1.2.dylib */,
				ADC43A1C1715BCD3002296E7 /* libosgAnimation.92.dylib */,
				ADC43A1D1715BCD3002296E7 /* libosgAnimation.dylib */,
				ADC43A1E1715BCD3002296E7 /* libosgDB.3.1.2.dylib */,
				ADC43A1F1715BCD3002296E7 /* libosgDB.92.dylib */,
				ADC43A201715BCD3002296E7 /* libosgDB.dylib */,
				ADC43A211715BCD3002296E7 /* libosgFX.3.1.2.dylib */,
				ADC43A221715BCD3002296E7 /* libosgFX.92.dylib */,
				ADC43A231715BCD3002296E7 /* libosgFX.dylib */,
				ADC43A241715BCD3002296E7 /* libosgGA.3.1.2.dylib */,
				ADC43A251715BCD3002296E7 /* libosgGA.92.dylib */,
				ADC43A261715BCD3002296E7 /* libosgGA.dylib */,
				ADC43A271715BCD3002296E7 /* libosgManipulator.3.1.2.dylib */,
				ADC43A281715BCD3002296E7 /* libosgManipulator.92.dylib */,
				ADC43A291715BCD3002296E7 /* libosgManipulator.dylib */,
				ADC43A2A1715BCD3002296E7 /* libosgParticle.3.1.2.dylib */,
				ADC43A2B1715BCD3002296E7 /* libosgParticle.92.dylib */,
				ADC43A2C1715BCD3002296E7 /* libosgParticle.dylib */,
				ADC43A2D1715BCD3002296E7 /* libosgPresentation.3.1.2.dylib */,
				ADC43A2E1715BCD3002296E7 /* libosgPresentation.92.dylib */,
				ADC43A2F1715BCD3002296E7 /* libosgPresentation.dylib */,
				ADC43A301715BCD3002296E7 /* libosgShadow.3.1.2.dylib */,
				ADC43A311715BCD3002296E7 /* libosgShadow.92.dylib */,
				ADC43A321715BCD3002296E7 /* libosgShadow.dylib */,
				ADC43A331715BCD3002296E7 /* libosgSim.3.1.2.dylib */,
				ADC43A341715BCD3002296E7 /* libosgSim.92.dylib */,
				ADC43A351715BCD3002296E7 /* libosgSim.dylib */,
				ADC43A361715BCD3002296E7 /* libosgTerrain.3.1.2.dylib */,
				ADC43A371715BCD3002296E7 /* libosgTerrain.92.dylib */,
				ADC43A381715BCD3002296E7 /* libosgTerrain.dylib */,
				ADC43A391715BCD3002296E7 /* libosgText.3.1.2.dylib */,
				ADC43A3A1715BCD3002296E7 /* libosgText.92.dylib */,
				ADC43A3B1715BCD3002296E7 /* libosgText.dylib */,
				ADC43A3C1715BCD3002296E7 /* libosgUtil.3.1.2.dylib */,
				ADC43A3D1715BCD3002296E7 /* libosgUtil.92.dylib */,
				ADC43A3E1715BCD3002296E7 /* libosgUtil.dylib */,
				ADC43A3F1715BCD3002296E7 /* libosgViewer.3.1.2.dylib */,
				ADC43A401715BCD3002296E7 /* libosgViewer.92.dylib */,
				ADC43A411715BCD3002296E7 /* libosgViewer.dylib */,
				ADC43A421715BCD3002296E7 /* libosgVolume.3.1.2.dylib */,
				ADC43A431715BCD3002296E7 /* libosgVolume.92.dylib */,
				ADC43A441715BCD3002296E7 /* libosgVolume.dylib */,
				ADC43A451715BCD3002296E7 /* libosgWidget.3.1.2.dylib */,
				ADC43A461715BCD3002296E7 /* libosgWidget.92.dylib */,
				ADC43A471715BCD3002296E7 /* libosgWidget.dylib */,
			);
			name = osgLib;
			sourceTree = "<group>";
		};
		ADC439FF1715BC7F002296E7 = {
			isa = PBXGroup;
			children = (
				AD74082B172A48D4005FEA97 /* raaOSGPrintVisitor.cpp */,
				AD74082C172A48D4005FEA97 /* raaOSGPrintVisitor.h */,
				AD74082D172A48D4005FEA97 /* raaOSGSimpleDemo.cpp */,
				AD74082E172A48D4005FEA97 /* raaOSGSimpleEventHandler.cpp */,
				AD74082F172A48D4005FEA97 /* raaOSGSimpleEventHandler.h */,
				AD32AEEC1715F78D00F7DE2A /* GLUT.framework */,
				AD32AEEA1715F78500F7DE2A /* OpenGL.framework */,
				AD0BEA24171611A600DF4173 /* osgLib */,
				ADC43A0A1715BC7F002296E7 /* testlibx */,
				ADC43A091715BC7F002296E7 /* Products */,
			);
			sourceTree = "<group>";
		};
		ADC43A091715BC7F002296E7 /* Products */ = {
			isa = PBXGroup;
			children = (
				ADC43A081715BC7F002296E7 /* testlibx */,
			);
			name = Products;
			sourceTree = "<group>";
		};
		ADC43A0A1715BC7F002296E7 /* testlibx */ = {
			isa = PBXGroup;
			children = (
			);
			path = testlibx;
			sourceTree = "<group>";
		};
/* End PBXGroup section */

/* Begin PBXNativeTarget section */
		ADC43A071715BC7F002296E7 /* testlibx */ = {
			isa = PBXNativeTarget;
			buildConfigurationList = ADC43A111715BC7F002296E7 /* Build configuration list for PBXNativeTarget "testlibx" */;
			buildPhases = (
				ADC43A041715BC7F002296E7 /* Sources */,
				ADC43A051715BC7F002296E7 /* Frameworks */,
				ADC43A061715BC7F002296E7 /* CopyFiles */,
			);
			buildRules = (
			);
			dependencies = (
			);
			name = testlibx;
			productName = testlibx;
			productReference = ADC43A081715BC7F002296E7 /* testlibx */;
			productType = "com.apple.product-type.tool";
		};
/* End PBXNativeTarget section */

/* Begin PBXProject section */
		ADC43A001715BC7F002296E7 /* Project object */ = {
			isa = PBXProject;
			attributes = {
				LastUpgradeCheck = 0460;
				ORGANIZATIONNAME = MayoKaze;
			};
			buildConfigurationList = ADC43A031715BC7F002296E7 /* Build configuration list for PBXProject "testlibx" */;
			compatibilityVersion = "Xcode 3.2";
			developmentRegion = English;
			hasScannedForEncodings = 0;
			knownRegions = (
				en,
			);
			mainGroup = ADC439FF1715BC7F002296E7;
			productRefGroup = ADC43A091715BC7F002296E7 /* Products */;
			projectDirPath = "";
			projectRoot = "";
			targets = (
				ADC43A071715BC7F002296E7 /* testlibx */,
			);
		};
/* End PBXProject section */

/* Begin PBXSourcesBuildPhase section */
		ADC43A041715BC7F002296E7 /* Sources */ = {
			isa = PBXSourcesBuildPhase;
			buildActionMask = 2147483647;
			files = (
				AD740830172A490A005FEA97 /* raaOSGPrintVisitor.cpp in Sources */,
				AD740831172A490A005FEA97 /* raaOSGPrintVisitor.h in Sources */,
				AD740832172A490A005FEA97 /* raaOSGSimpleDemo.cpp in Sources */,
				AD740833172A490A005FEA97 /* raaOSGSimpleEventHandler.cpp in Sources */,
				AD740834172A490A005FEA97 /* raaOSGSimpleEventHandler.h in Sources */,
			);
			runOnlyForDeploymentPostprocessing = 0;
		};
/* End PBXSourcesBuildPhase section */

/* Begin XCBuildConfiguration section */
		ADC43A0F1715BC7F002296E7 /* Debug */ = {
			isa = XCBuildConfiguration;
			buildSettings = {
				ALWAYS_SEARCH_USER_PATHS = NO;
				ARCHS = "$(ARCHS_STANDARD_64_BIT)";
				CLANG_CXX_LANGUAGE_STANDARD = "gnu++0x";
				CLANG_CXX_LIBRARY = "libc++";
				CLANG_WARN_CONSTANT_CONVERSION = YES;
				CLANG_WARN_EMPTY_BODY = YES;
				CLANG_WARN_ENUM_CONVERSION = YES;
				CLANG_WARN_INT_CONVERSION = YES;
				CLANG_WARN__DUPLICATE_METHOD_MATCH = YES;
				COPY_PHASE_STRIP = NO;
				GCC_C_LANGUAGE_STANDARD = gnu99;
				GCC_DYNAMIC_NO_PIC = NO;
				GCC_ENABLE_OBJC_EXCEPTIONS = YES;
				GCC_OPTIMIZATION_LEVEL = 0;
				GCC_PREPROCESSOR_DEFINITIONS = (
					"DEBUG=1",
					"$(inherited)",
				);
				GCC_SYMBOLS_PRIVATE_EXTERN = NO;
				GCC_WARN_64_TO_32_BIT_CONVERSION = YES;
				GCC_WARN_ABOUT_RETURN_TYPE = YES;
				GCC_WARN_UNINITIALIZED_AUTOS = YES;
				GCC_WARN_UNUSED_VARIABLE = YES;
				MACOSX_DEPLOYMENT_TARGET = 10.8;
				ONLY_ACTIVE_ARCH = YES;
				SDKROOT = macosx;
			};
			name = Debug;
		};
		ADC43A101715BC7F002296E7 /* Release */ = {
			isa = XCBuildConfiguration;
			buildSettings = {
				ALWAYS_SEARCH_USER_PATHS = NO;
				ARCHS = "$(ARCHS_STANDARD_64_BIT)";
				CLANG_CXX_LANGUAGE_STANDARD = "gnu++0x";
				CLANG_CXX_LIBRARY = "libc++";
				CLANG_WARN_CONSTANT_CONVERSION = YES;
				CLANG_WARN_EMPTY_BODY = YES;
				CLANG_WARN_ENUM_CONVERSION = YES;
				CLANG_WARN_INT_CONVERSION = YES;
				CLANG_WARN__DUPLICATE_METHOD_MATCH = YES;
				COPY_PHASE_STRIP = YES;
				DEBUG_INFORMATION_FORMAT = "dwarf-with-dsym";
				GCC_C_LANGUAGE_STANDARD = gnu99;
				GCC_ENABLE_OBJC_EXCEPTIONS = YES;
				GCC_WARN_64_TO_32_BIT_CONVERSION = YES;
				GCC_WARN_ABOUT_RETURN_TYPE = YES;
				GCC_WARN_UNINITIALIZED_AUTOS = YES;
				GCC_WARN_UNUSED_VARIABLE = YES;
				MACOSX_DEPLOYMENT_TARGET = 10.8;
				SDKROOT = macosx;
			};
			name = Release;
		};
		ADC43A121715BC7F002296E7 /* Debug */ = {
			isa = XCBuildConfiguration;
			buildSettings = {
				ALWAYS_SEARCH_USER_PATHS = NO;
				CLANG_CXX_LIBRARY = "compiler-default";
				GCC_VERSION = com.apple.compilers.llvm.clang.1_0;
				HEADER_SEARCH_PATHS = /usr/local/include;
				LD_RUNPATH_SEARCH_PATHS = "";
				LIBRARY_SEARCH_PATHS = "/usr/local/lib/**";
				PRODUCT_NAME = "$(TARGET_NAME)";
			};
			name = Debug;
		};
		ADC43A131715BC7F002296E7 /* Release */ = {
			isa = XCBuildConfiguration;
			buildSettings = {
				ALWAYS_SEARCH_USER_PATHS = NO;
				CLANG_CXX_LIBRARY = "compiler-default";
				GCC_VERSION = com.apple.compilers.llvm.clang.1_0;
				HEADER_SEARCH_PATHS = /usr/local/include;
				LD_RUNPATH_SEARCH_PATHS = "";
				LIBRARY_SEARCH_PATHS = "/usr/local/lib/**";
				PRODUCT_NAME = "$(TARGET_NAME)";
			};
			name = Release;
		};
/* End XCBuildConfiguration section */

/* Begin XCConfigurationList section */
		ADC43A031715BC7F002296E7 /* Build configuration list for PBXProject "testlibx" */ = {
			isa = XCConfigurationList;
			buildConfigurations = (
				ADC43A0F1715BC7F002296E7 /* Debug */,
				ADC43A101715BC7F002296E7 /* Release */,
			);
			defaultConfigurationIsVisible = 0;
			defaultConfigurationName = Release;
		};
		ADC43A111715BC7F002296E7 /* Build configuration list for PBXNativeTarget "testlibx" */ = {
			isa = XCConfigurationList;
			buildConfigurations = (
				ADC43A121715BC7F002296E7 /* Debug */,
				ADC43A131715BC7F002296E7 /* Release */,
			);
			defaultConfigurationIsVisible = 0;
			defaultConfigurationName = Release;
		};
/* End XCConfigurationList section */
	};
	rootObject = ADC43A001715BC7F002296E7 /* Project object */;
}
